// !$*UTF8*$!
{
	archiveVersion = 1;
	classes = {
	};
	objectVersion = 63;
	objects = {

/* Begin PBXBuildFile section */
		01C25E81C26891DB20B372DA /* PhotoPickerView.swift in Sources */ = {isa = PBXBuildFile; fileRef = 8B6A150C3AEE66E5EFAFF293 /* PhotoPickerView.swift */; settings = {COMPILER_FLAGS = "-DDEBUG"; }; };
		01D8EEF4A65403F0A2CF62DA /* App.swift in Sources */ = {isa = PBXBuildFile; fileRef = C1DF13D8BBDD7CC8606BE76E /* App.swift */; settings = {COMPILER_FLAGS = "-DDEBUG"; }; };
		0DE5E61C203F6A8019403732 /* UITests.swift in Sources */ = {isa = PBXBuildFile; fileRef = 613897788B54B79A85D9C9F4 /* UITests.swift */; };
		0E7552F9E4C74805429D7951 /* HomeView.swift in Sources */ = {isa = PBXBuildFile; fileRef = 9D111C9DBF7239EA7738DF10 /* HomeView.swift */; settings = {COMPILER_FLAGS = "-DDEBUG"; }; };
		13D5B3A2F32EABBDF0898F3F /* OCRRepositoryProtocol.swift in Sources */ = {isa = PBXBuildFile; fileRef = 4332A305EAAABB7EEDD7E638 /* OCRRepositoryProtocol.swift */; settings = {COMPILER_FLAGS = "-DDEBUG"; }; };
		1F9AAD0D123FE590C484E1B3 /* GalleryFlowUITests.swift in Sources */ = {isa = PBXBuildFile; fileRef = 3144C0D0CC274C5E94BD432E /* GalleryFlowUITests.swift */; };
		1FDD436D54C75BEB639DF44D /* CameraView.swift in Sources */ = {isa = PBXBuildFile; fileRef = ECB5B8E7969459CA8D121C3C /* CameraView.swift */; settings = {COMPILER_FLAGS = "-DDEBUG"; }; };
		20B971DBAB8AD8AAD92D048D /* Pods_Scan_OCR_KTP_Scan_OCR_KTPUITests.framework in Frameworks */ = {isa = PBXBuildFile; fileRef = E0D23181427FBFFD804846C2 /* Pods_Scan_OCR_KTP_Scan_OCR_KTPUITests.framework */; };
		26A2780C9E67363E27CA22FD /* KTPParser.swift in Sources */ = {isa = PBXBuildFile; fileRef = 254ADD82920B3035E8C13DBD /* KTPParser.swift */; settings = {COMPILER_FLAGS = "-DDEBUG"; }; };
		270CEFC69B100F13CF8781C7 /* Pods_Scan_OCR_KTP.framework in Frameworks */ = {isa = PBXBuildFile; fileRef = F62F7B61ABF59BBEEB4912F8 /* Pods_Scan_OCR_KTP.framework */; };
		351BE98F84E7E337874AEF9B /* CameraFlowUITests.swift in Sources */ = {isa = PBXBuildFile; fileRef = BF443EAB769B44CEE2228991 /* CameraFlowUITests.swift */; };
		483712BB480AEE0D06F9B9A8 /* KTPFieldExtractors.swift in Sources */ = {isa = PBXBuildFile; fileRef = B29404050EBCDFB89810E05D /* KTPFieldExtractors.swift */; settings = {COMPILER_FLAGS = "-DDEBUG"; }; };
		4BE7DD1B62B2616D8A253D5F /* Tests.swift in Sources */ = {isa = PBXBuildFile; fileRef = B1FDF7BB461822FCEC9E58B7 /* Tests.swift */; };
		534F80AAD30773B3C3F08696 /* KTPParserProtocol.swift in Sources */ = {isa = PBXBuildFile; fileRef = 673FC32212FB3EE24A033F35 /* KTPParserProtocol.swift */; settings = {COMPILER_FLAGS = "-DDEBUG"; }; };
		6282209A204735433E40A5FF /* DIContainer.swift in Sources */ = {isa = PBXBuildFile; fileRef = EC74A9568D71D23BBFB5B08A /* DIContainer.swift */; settings = {COMPILER_FLAGS = "-DDEBUG"; }; };
		6785125138F81238EB182AAD /* ProcessKTPImageUseCase.swift in Sources */ = {isa = PBXBuildFile; fileRef = 6C95D53F85C8824B15BD616C /* ProcessKTPImageUseCase.swift */; settings = {COMPILER_FLAGS = "-DDEBUG"; }; };
		6785FAAE76198E14EBA108CA /* AppRoute.swift in Sources */ = {isa = PBXBuildFile; fileRef = 70C74A646AED265C787A9264 /* AppRoute.swift */; settings = {COMPILER_FLAGS = "-DDEBUG"; }; };
		714A003ACFFE29A6677AA125 /* OCRLoggerAdapter.swift in Sources */ = {isa = PBXBuildFile; fileRef = 520DEC94AF922A4C0BE5CDCF /* OCRLoggerAdapter.swift */; settings = {COMPILER_FLAGS = "-DDEBUG"; }; };
		8787F2840E13CB4808401580 /* VisionOCRServiceAdapter.swift in Sources */ = {isa = PBXBuildFile; fileRef = 8BBAC907717070C35D878C73 /* VisionOCRServiceAdapter.swift */; settings = {COMPILER_FLAGS = "-DDEBUG"; }; };
		8F49C270750994AA8371F662 /* MLKitOCRService.swift in Sources */ = {isa = PBXBuildFile; fileRef = E9D8DE34498786D5A04644F4 /* MLKitOCRService.swift */; settings = {COMPILER_FLAGS = "-DDEBUG"; }; };
		94168F6623513DF3AC5E2310 /* OCRResult.swift in Sources */ = {isa = PBXBuildFile; fileRef = 9DCF444243F797F015208567 /* OCRResult.swift */; settings = {COMPILER_FLAGS = "-DDEBUG"; }; };
		9D6109690C40FFC4DD6EFB18 /* OCRResultView.swift in Sources */ = {isa = PBXBuildFile; fileRef = A8A886C16C9F5EF186E4B631 /* OCRResultView.swift */; settings = {COMPILER_FLAGS = "-DDEBUG"; }; };
		9F22AA37FF979EDEECA8872B /* VisionOCRService.swift in Sources */ = {isa = PBXBuildFile; fileRef = 62D05ADA299B26473CABB3B9 /* VisionOCRService.swift */; settings = {COMPILER_FLAGS = "-DDEBUG"; }; };
		A320362AEF501B4DD48C78F2 /* MainView.swift in Sources */ = {isa = PBXBuildFile; fileRef = A6BF4205AB493583390ECD70 /* MainView.swift */; settings = {COMPILER_FLAGS = "-DDEBUG"; }; };
		AA6D0F9811D619C64AD619F2 /* OCRLogger.swift in Sources */ = {isa = PBXBuildFile; fileRef = 8942E5D1A5AB8BDD5E261311 /* OCRLogger.swift */; settings = {COMPILER_FLAGS = "-DDEBUG"; }; };
		AE3D39EDE13B05C85963601E /* ImagePreviewView.swift in Sources */ = {isa = PBXBuildFile; fileRef = D8D36B8A40C558CA5DBBD9C5 /* ImagePreviewView.swift */; settings = {COMPILER_FLAGS = "-DDEBUG"; }; };
		B60AEEC9E4CBF88F6E3D33F0 /* NavigationCoordinator.swift in Sources */ = {isa = PBXBuildFile; fileRef = 85F263658FBF2F8624D12302 /* NavigationCoordinator.swift */; settings = {COMPILER_FLAGS = "-DDEBUG"; }; };
		BD94F7D137DB68165BE558F3 /* OCRRepository.swift in Sources */ = {isa = PBXBuildFile; fileRef = F050658226FA0CF1B12D9A44 /* OCRRepository.swift */; settings = {COMPILER_FLAGS = "-DDEBUG"; }; };
		C17B9BFA9DFDA6A05EBCA483 /* OCRManager.swift in Sources */ = {isa = PBXBuildFile; fileRef = 4085F4D494A706E48D118D54 /* OCRManager.swift */; settings = {COMPILER_FLAGS = "-DDEBUG"; }; };
		D3D1D5C54756684022624599 /* UITestsLaunchTests.swift in Sources */ = {isa = PBXBuildFile; fileRef = 4007E1CB8F85C9B328CA5D68 /* UITestsLaunchTests.swift */; };
		D944E18E436157402DF70A62 /* KTPData.swift in Sources */ = {isa = PBXBuildFile; fileRef = EF83092445B6E2C7175E7A48 /* KTPData.swift */; settings = {COMPILER_FLAGS = "-DDEBUG"; }; };
		DEBC7B3E839F73EB2674FD5E /* ImageData.swift in Sources */ = {isa = PBXBuildFile; fileRef = B99905DA961E5944DE92623B /* ImageData.swift */; settings = {COMPILER_FLAGS = "-DDEBUG"; }; };
		E63EC12041EC66375E7016CD /* OCRProcessingViewModel.swift in Sources */ = {isa = PBXBuildFile; fileRef = 5730192BDB743156BABB0ED7 /* OCRProcessingViewModel.swift */; settings = {COMPILER_FLAGS = "-DDEBUG"; }; };
		E7502E52110DFC43EAC8641C /* Assets.xcassets in Resources */ = {isa = PBXBuildFile; fileRef = 0F83C7F05B55D6D03D0C5894 /* Assets.xcassets */; };
		F6EAEF6D25764F81B8246764 /* KTPParserAdapter.swift in Sources */ = {isa = PBXBuildFile; fileRef = B6E8405AE2C94567AA7BA108 /* KTPParserAdapter.swift */; settings = {COMPILER_FLAGS = "-DDEBUG"; }; };
		FE24C7B4A56BA6CCD674AA4E /* Pods_Scan_OCR_KTPTests.framework in Frameworks */ = {isa = PBXBuildFile; fileRef = 3C7D3632223EE4B553E59032 /* Pods_Scan_OCR_KTPTests.framework */; };
		FF52C8D6C718F88304CD2CE6 /* NavigationFactory.swift in Sources */ = {isa = PBXBuildFile; fileRef = 01CD54D259DECA25B15C7EF0 /* NavigationFactory.swift */; settings = {COMPILER_FLAGS = "-DDEBUG"; }; };
/* End PBXBuildFile section */

/* Begin PBXContainerItemProxy section */
		A728CD4B9717901512790288 /* PBXContainerItemProxy */ = {
			isa = PBXContainerItemProxy;
			containerPortal = C63ED905F517428F9708B3DA /* Project object */;
			proxyType = 1;
			remoteGlobalIDString = 9830B63B99ABF6D53E6F43F9;
			remoteInfo = "Scan OCR KTP";
		};
		DDA37FD92A5AF9CB0F67E086 /* PBXContainerItemProxy */ = {
			isa = PBXContainerItemProxy;
			containerPortal = C63ED905F517428F9708B3DA /* Project object */;
			proxyType = 1;
			remoteGlobalIDString = 9830B63B99ABF6D53E6F43F9;
			remoteInfo = "Scan OCR KTP";
		};
/* End PBXContainerItemProxy section */

/* Begin PBXFileReference section */
		01CD54D259DECA25B15C7EF0 /* NavigationFactory.swift */ = {isa = PBXFileReference; lastKnownFileType = sourcecode.swift; path = NavigationFactory.swift; sourceTree = "<group>"; };
		0F83C7F05B55D6D03D0C5894 /* Assets.xcassets */ = {isa = PBXFileReference; lastKnownFileType = folder.assetcatalog; path = Assets.xcassets; sourceTree = "<group>"; };
		254ADD82920B3035E8C13DBD /* KTPParser.swift */ = {isa = PBXFileReference; lastKnownFileType = sourcecode.swift; path = KTPParser.swift; sourceTree = "<group>"; };
		3144C0D0CC274C5E94BD432E /* GalleryFlowUITests.swift */ = {isa = PBXFileReference; lastKnownFileType = sourcecode.swift; path = GalleryFlowUITests.swift; sourceTree = "<group>"; };
		3C7D3632223EE4B553E59032 /* Pods_Scan_OCR_KTPTests.framework */ = {isa = PBXFileReference; lastKnownFileType = wrapper.framework; path = Pods_Scan_OCR_KTPTests.framework; sourceTree = "<group>"; };
		3D84AC56750606486AE2F13B /* Scan OCR KTPTests.xctest */ = {isa = PBXFileReference; explicitFileType = wrapper.cfbundle; includeInIndex = 0; path = "Scan OCR KTPTests.xctest"; sourceTree = BUILT_PRODUCTS_DIR; };
		4007E1CB8F85C9B328CA5D68 /* UITestsLaunchTests.swift */ = {isa = PBXFileReference; lastKnownFileType = sourcecode.swift; path = UITestsLaunchTests.swift; sourceTree = "<group>"; };
		4085F4D494A706E48D118D54 /* OCRManager.swift */ = {isa = PBXFileReference; lastKnownFileType = sourcecode.swift; path = OCRManager.swift; sourceTree = "<group>"; };
		4332A305EAAABB7EEDD7E638 /* OCRRepositoryProtocol.swift */ = {isa = PBXFileReference; lastKnownFileType = sourcecode.swift; path = OCRRepositoryProtocol.swift; sourceTree = "<group>"; };
		4ED5F3D2DA5E19DF13616EBC /* Scan OCR KTP.app */ = {isa = PBXFileReference; explicitFileType = wrapper.application; includeInIndex = 0; path = "Scan OCR KTP.app"; sourceTree = BUILT_PRODUCTS_DIR; };
		520DEC94AF922A4C0BE5CDCF /* OCRLoggerAdapter.swift */ = {isa = PBXFileReference; lastKnownFileType = sourcecode.swift; path = OCRLoggerAdapter.swift; sourceTree = "<group>"; };
		5730192BDB743156BABB0ED7 /* OCRProcessingViewModel.swift */ = {isa = PBXFileReference; lastKnownFileType = sourcecode.swift; path = OCRProcessingViewModel.swift; sourceTree = "<group>"; };
		5E53FE4AC49437BA9B5A1EC9 /* Pods-Scan OCR KTP-Scan OCR KTPUITests.debug.xcconfig */ = {isa = PBXFileReference; includeInIndex = 1; lastKnownFileType = text.xcconfig; name = "Pods-Scan OCR KTP-Scan OCR KTPUITests.debug.xcconfig"; path = "Target Support Files/Pods-Scan OCR KTP-Scan OCR KTPUITests/Pods-Scan OCR KTP-Scan OCR KTPUITests.debug.xcconfig"; sourceTree = "<group>"; };
		613897788B54B79A85D9C9F4 /* UITests.swift */ = {isa = PBXFileReference; lastKnownFileType = sourcecode.swift; path = UITests.swift; sourceTree = "<group>"; };
		62D05ADA299B26473CABB3B9 /* VisionOCRService.swift */ = {isa = PBXFileReference; lastKnownFileType = sourcecode.swift; path = VisionOCRService.swift; sourceTree = "<group>"; };
		673FC32212FB3EE24A033F35 /* KTPParserProtocol.swift */ = {isa = PBXFileReference; lastKnownFileType = sourcecode.swift; path = KTPParserProtocol.swift; sourceTree = "<group>"; };
		6C95D53F85C8824B15BD616C /* ProcessKTPImageUseCase.swift */ = {isa = PBXFileReference; lastKnownFileType = sourcecode.swift; path = ProcessKTPImageUseCase.swift; sourceTree = "<group>"; };
		70C74A646AED265C787A9264 /* AppRoute.swift */ = {isa = PBXFileReference; lastKnownFileType = sourcecode.swift; path = AppRoute.swift; sourceTree = "<group>"; };
		85F263658FBF2F8624D12302 /* NavigationCoordinator.swift */ = {isa = PBXFileReference; lastKnownFileType = sourcecode.swift; path = NavigationCoordinator.swift; sourceTree = "<group>"; };
		8942E5D1A5AB8BDD5E261311 /* OCRLogger.swift */ = {isa = PBXFileReference; lastKnownFileType = sourcecode.swift; path = OCRLogger.swift; sourceTree = "<group>"; };
		8B6A150C3AEE66E5EFAFF293 /* PhotoPickerView.swift */ = {isa = PBXFileReference; lastKnownFileType = sourcecode.swift; path = PhotoPickerView.swift; sourceTree = "<group>"; };
		8BBAC907717070C35D878C73 /* VisionOCRServiceAdapter.swift */ = {isa = PBXFileReference; lastKnownFileType = sourcecode.swift; path = VisionOCRServiceAdapter.swift; sourceTree = "<group>"; };
		8EA85EB71AE59E15D1A17644 /* Pods-Scan OCR KTP.release.xcconfig */ = {isa = PBXFileReference; includeInIndex = 1; lastKnownFileType = text.xcconfig; name = "Pods-Scan OCR KTP.release.xcconfig"; path = "Target Support Files/Pods-Scan OCR KTP/Pods-Scan OCR KTP.release.xcconfig"; sourceTree = "<group>"; };
		9D111C9DBF7239EA7738DF10 /* HomeView.swift */ = {isa = PBXFileReference; lastKnownFileType = sourcecode.swift; path = HomeView.swift; sourceTree = "<group>"; };
		9DCF444243F797F015208567 /* OCRResult.swift */ = {isa = PBXFileReference; lastKnownFileType = sourcecode.swift; path = OCRResult.swift; sourceTree = "<group>"; };
		A6BF4205AB493583390ECD70 /* MainView.swift */ = {isa = PBXFileReference; lastKnownFileType = sourcecode.swift; path = MainView.swift; sourceTree = "<group>"; };
		A8A886C16C9F5EF186E4B631 /* OCRResultView.swift */ = {isa = PBXFileReference; lastKnownFileType = sourcecode.swift; path = OCRResultView.swift; sourceTree = "<group>"; };
		B1FDF7BB461822FCEC9E58B7 /* Tests.swift */ = {isa = PBXFileReference; lastKnownFileType = sourcecode.swift; path = Tests.swift; sourceTree = "<group>"; };
		B29404050EBCDFB89810E05D /* KTPFieldExtractors.swift */ = {isa = PBXFileReference; lastKnownFileType = sourcecode.swift; path = KTPFieldExtractors.swift; sourceTree = "<group>"; };
		B6E8405AE2C94567AA7BA108 /* KTPParserAdapter.swift */ = {isa = PBXFileReference; lastKnownFileType = sourcecode.swift; path = KTPParserAdapter.swift; sourceTree = "<group>"; };
		B99905DA961E5944DE92623B /* ImageData.swift */ = {isa = PBXFileReference; lastKnownFileType = sourcecode.swift; path = ImageData.swift; sourceTree = "<group>"; };
		BF443EAB769B44CEE2228991 /* CameraFlowUITests.swift */ = {isa = PBXFileReference; lastKnownFileType = sourcecode.swift; path = CameraFlowUITests.swift; sourceTree = "<group>"; };
		C1DF13D8BBDD7CC8606BE76E /* App.swift */ = {isa = PBXFileReference; lastKnownFileType = sourcecode.swift; path = App.swift; sourceTree = "<group>"; };
		C85FFA4628A175C44308F6C5 /* Pods-Scan OCR KTP.debug.xcconfig */ = {isa = PBXFileReference; includeInIndex = 1; lastKnownFileType = text.xcconfig; name = "Pods-Scan OCR KTP.debug.xcconfig"; path = "Target Support Files/Pods-Scan OCR KTP/Pods-Scan OCR KTP.debug.xcconfig"; sourceTree = "<group>"; };
		D8D36B8A40C558CA5DBBD9C5 /* ImagePreviewView.swift */ = {isa = PBXFileReference; lastKnownFileType = sourcecode.swift; path = ImagePreviewView.swift; sourceTree = "<group>"; };
		DF26803B67F60F0F7F2573FA /* Pods-Scan OCR KTPTests.release.xcconfig */ = {isa = PBXFileReference; includeInIndex = 1; lastKnownFileType = text.xcconfig; name = "Pods-Scan OCR KTPTests.release.xcconfig"; path = "Target Support Files/Pods-Scan OCR KTPTests/Pods-Scan OCR KTPTests.release.xcconfig"; sourceTree = "<group>"; };
		E092D5835D6E93C9AFED296A /* App.entitlements */ = {isa = PBXFileReference; lastKnownFileType = text.plist.entitlements; path = App.entitlements; sourceTree = "<group>"; };
		E0D23181427FBFFD804846C2 /* Pods_Scan_OCR_KTP_Scan_OCR_KTPUITests.framework */ = {isa = PBXFileReference; lastKnownFileType = wrapper.framework; path = Pods_Scan_OCR_KTP_Scan_OCR_KTPUITests.framework; sourceTree = "<group>"; };
		E9D8DE34498786D5A04644F4 /* MLKitOCRService.swift */ = {isa = PBXFileReference; lastKnownFileType = sourcecode.swift; path = MLKitOCRService.swift; sourceTree = "<group>"; };
		EC74A9568D71D23BBFB5B08A /* DIContainer.swift */ = {isa = PBXFileReference; lastKnownFileType = sourcecode.swift; path = DIContainer.swift; sourceTree = "<group>"; };
		ECB5B8E7969459CA8D121C3C /* CameraView.swift */ = {isa = PBXFileReference; lastKnownFileType = sourcecode.swift; path = CameraView.swift; sourceTree = "<group>"; };
		EDA7DEAA8A15448FF71FCDCB /* Pods-Scan OCR KTP-Scan OCR KTPUITests.release.xcconfig */ = {isa = PBXFileReference; includeInIndex = 1; lastKnownFileType = text.xcconfig; name = "Pods-Scan OCR KTP-Scan OCR KTPUITests.release.xcconfig"; path = "Target Support Files/Pods-Scan OCR KTP-Scan OCR KTPUITests/Pods-Scan OCR KTP-Scan OCR KTPUITests.release.xcconfig"; sourceTree = "<group>"; };
		EF83092445B6E2C7175E7A48 /* KTPData.swift */ = {isa = PBXFileReference; lastKnownFileType = sourcecode.swift; path = KTPData.swift; sourceTree = "<group>"; };
		F050658226FA0CF1B12D9A44 /* OCRRepository.swift */ = {isa = PBXFileReference; lastKnownFileType = sourcecode.swift; path = OCRRepository.swift; sourceTree = "<group>"; };
		F62F7B61ABF59BBEEB4912F8 /* Pods_Scan_OCR_KTP.framework */ = {isa = PBXFileReference; lastKnownFileType = wrapper.framework; path = Pods_Scan_OCR_KTP.framework; sourceTree = "<group>"; };
		FD1FC7EAF04C0EF092871B75 /* Pods-Scan OCR KTPTests.debug.xcconfig */ = {isa = PBXFileReference; includeInIndex = 1; lastKnownFileType = text.xcconfig; name = "Pods-Scan OCR KTPTests.debug.xcconfig"; path = "Target Support Files/Pods-Scan OCR KTPTests/Pods-Scan OCR KTPTests.debug.xcconfig"; sourceTree = "<group>"; };
		FEEEEE508F8D2BA4D025F023 /* Scan OCR KTPUITests.xctest */ = {isa = PBXFileReference; explicitFileType = wrapper.cfbundle; includeInIndex = 0; path = "Scan OCR KTPUITests.xctest"; sourceTree = BUILT_PRODUCTS_DIR; };
/* End PBXFileReference section */

/* Begin PBXFrameworksBuildPhase section */
		0E42511AD8A39B371D5F39A5 /* Frameworks */ = {
			isa = PBXFrameworksBuildPhase;
			buildActionMask = 2147483647;
			files = (
				20B971DBAB8AD8AAD92D048D /* Pods_Scan_OCR_KTP_Scan_OCR_KTPUITests.framework in Frameworks */,
			);
			runOnlyForDeploymentPostprocessing = 0;
		};
		5675F281EBB57AC59893215B /* Frameworks */ = {
			isa = PBXFrameworksBuildPhase;
			buildActionMask = 2147483647;
			files = (
				FE24C7B4A56BA6CCD674AA4E /* Pods_Scan_OCR_KTPTests.framework in Frameworks */,
			);
			runOnlyForDeploymentPostprocessing = 0;
		};
		6BF31982E971A5BA1619BAE9 /* Frameworks */ = {
			isa = PBXFrameworksBuildPhase;
			buildActionMask = 2147483647;
			files = (
				270CEFC69B100F13CF8781C7 /* Pods_Scan_OCR_KTP.framework in Frameworks */,
			);
			runOnlyForDeploymentPostprocessing = 0;
		};
/* End PBXFrameworksBuildPhase section */

/* Begin PBXGroup section */
		1104BA91218AC1D885F006D8 /* UseCases */ = {
			isa = PBXGroup;
			children = (
				6C95D53F85C8824B15BD616C /* ProcessKTPImageUseCase.swift */,
			);
			path = UseCases;
			sourceTree = "<group>";
		};
		1F80B9B0086CDCA0100034C9 /* Products */ = {
			isa = PBXGroup;
			children = (
				4ED5F3D2DA5E19DF13616EBC /* Scan OCR KTP.app */,
				3D84AC56750606486AE2F13B /* Scan OCR KTPTests.xctest */,
				FEEEEE508F8D2BA4D025F023 /* Scan OCR KTPUITests.xctest */,
			);
			name = Products;
			sourceTree = "<group>";
		};
		25034C3E3C44051DCE2887DA /* DI */ = {
			isa = PBXGroup;
			children = (
				EC74A9568D71D23BBFB5B08A /* DIContainer.swift */,
			);
			path = DI;
			sourceTree = "<group>";
		};
		2D17EEC7948298A3D589428C /* App */ = {
			isa = PBXGroup;
			children = (
				3B00BE3D5CF6CB5303141901 /* Core */,
				E47CAFD5DB806D36B14C7B18 /* Data */,
				61E67D7FB25E6430685900BD /* Domain */,
				82D07E477A299B0BA60CD65A /* Models */,
				7D5256B07445B290D3FF7AB0 /* Navigation */,
				B3AAAD258AFD9E6A0A4E7A4E /* Presentation */,
				9C68E689823F41F8E3D2AF59 /* Services */,
				E092D5835D6E93C9AFED296A /* App.entitlements */,
				C1DF13D8BBDD7CC8606BE76E /* App.swift */,
				0F83C7F05B55D6D03D0C5894 /* Assets.xcassets */,
				A6BF4205AB493583390ECD70 /* MainView.swift */,
			);
			path = App;
			sourceTree = "<group>";
		};
		3547F214ABEF45F377EF410E /* Services */ = {
			isa = PBXGroup;
			children = (
				8BBAC907717070C35D878C73 /* VisionOCRServiceAdapter.swift */,
			);
			path = Services;
			sourceTree = "<group>";
		};
		3B00BE3D5CF6CB5303141901 /* Core */ = {
			isa = PBXGroup;
			children = (
				25034C3E3C44051DCE2887DA /* DI */,
				E7D760FA24655B65D00DF21F /* Utils */,
			);
			path = Core;
			sourceTree = "<group>";
		};
		3E69797CD53253C4C25DD850 /* Repositories */ = {
			isa = PBXGroup;
			children = (
				673FC32212FB3EE24A033F35 /* KTPParserProtocol.swift */,
				4332A305EAAABB7EEDD7E638 /* OCRRepositoryProtocol.swift */,
			);
			path = Repositories;
			sourceTree = "<group>";
		};
		48BAA9F019BA4DD5D7CB5150 /* Entities */ = {
			isa = PBXGroup;
			children = (
				9DCF444243F797F015208567 /* OCRResult.swift */,
			);
			path = Entities;
			sourceTree = "<group>";
		};
		4B8E740913016561BB242DBD /* Pods */ = {
			isa = PBXGroup;
			children = (
				C85FFA4628A175C44308F6C5 /* Pods-Scan OCR KTP.debug.xcconfig */,
				8EA85EB71AE59E15D1A17644 /* Pods-Scan OCR KTP.release.xcconfig */,
				5E53FE4AC49437BA9B5A1EC9 /* Pods-Scan OCR KTP-Scan OCR KTPUITests.debug.xcconfig */,
				EDA7DEAA8A15448FF71FCDCB /* Pods-Scan OCR KTP-Scan OCR KTPUITests.release.xcconfig */,
				FD1FC7EAF04C0EF092871B75 /* Pods-Scan OCR KTPTests.debug.xcconfig */,
				DF26803B67F60F0F7F2573FA /* Pods-Scan OCR KTPTests.release.xcconfig */,
			);
			path = Pods;
			sourceTree = "<group>";
		};
		61E67D7FB25E6430685900BD /* Domain */ = {
			isa = PBXGroup;
			children = (
				48BAA9F019BA4DD5D7CB5150 /* Entities */,
				3E69797CD53253C4C25DD850 /* Repositories */,
				1104BA91218AC1D885F006D8 /* UseCases */,
			);
			path = Domain;
			sourceTree = "<group>";
		};
		63BFAABBDE45BC6321276B15 = {
			isa = PBXGroup;
			children = (
				2D17EEC7948298A3D589428C /* App */,
				7BD8EEADB89091BAE6643A46 /* Tests */,
				81D78E29FD07E71F2CC457F6 /* UITests */,
				6D43D7E38AFCA458F5AC5901 /* Frameworks */,
				1F80B9B0086CDCA0100034C9 /* Products */,
				4B8E740913016561BB242DBD /* Pods */,
			);
			sourceTree = "<group>";
		};
		6D43D7E38AFCA458F5AC5901 /* Frameworks */ = {
			isa = PBXGroup;
			children = (
				E0D23181427FBFFD804846C2 /* Pods_Scan_OCR_KTP_Scan_OCR_KTPUITests.framework */,
				F62F7B61ABF59BBEEB4912F8 /* Pods_Scan_OCR_KTP.framework */,
				3C7D3632223EE4B553E59032 /* Pods_Scan_OCR_KTPTests.framework */,
			);
			name = Frameworks;
			sourceTree = "<group>";
		};
		6F5348EE776EBD891F5D3162 /* Repositories */ = {
			isa = PBXGroup;
			children = (
				F050658226FA0CF1B12D9A44 /* OCRRepository.swift */,
			);
			path = Repositories;
			sourceTree = "<group>";
		};
		7BD8EEADB89091BAE6643A46 /* Tests */ = {
			isa = PBXGroup;
			children = (
				B1FDF7BB461822FCEC9E58B7 /* Tests.swift */,
			);
			path = Tests;
			sourceTree = "<group>";
		};
		7D5256B07445B290D3FF7AB0 /* Navigation */ = {
			isa = PBXGroup;
			children = (
				70C74A646AED265C787A9264 /* AppRoute.swift */,
				85F263658FBF2F8624D12302 /* NavigationCoordinator.swift */,
				01CD54D259DECA25B15C7EF0 /* NavigationFactory.swift */,
			);
			path = Navigation;
			sourceTree = "<group>";
		};
		81D78E29FD07E71F2CC457F6 /* UITests */ = {
			isa = PBXGroup;
			children = (
				BF443EAB769B44CEE2228991 /* CameraFlowUITests.swift */,
				3144C0D0CC274C5E94BD432E /* GalleryFlowUITests.swift */,
				613897788B54B79A85D9C9F4 /* UITests.swift */,
				4007E1CB8F85C9B328CA5D68 /* UITestsLaunchTests.swift */,
			);
			path = UITests;
			sourceTree = "<group>";
		};
		82D07E477A299B0BA60CD65A /* Models */ = {
			isa = PBXGroup;
			children = (
				B99905DA961E5944DE92623B /* ImageData.swift */,
				EF83092445B6E2C7175E7A48 /* KTPData.swift */,
			);
			path = Models;
			sourceTree = "<group>";
		};
		9C68E689823F41F8E3D2AF59 /* Services */ = {
			isa = PBXGroup;
			children = (
				E9D8DE34498786D5A04644F4 /* MLKitOCRService.swift */,
				4085F4D494A706E48D118D54 /* OCRManager.swift */,
				62D05ADA299B26473CABB3B9 /* VisionOCRService.swift */,
			);
			path = Services;
			sourceTree = "<group>";
		};
		B3AAAD258AFD9E6A0A4E7A4E /* Presentation */ = {
			isa = PBXGroup;
			children = (
				DB51C40ACFA445AB6188C86E /* ViewModels */,
				9D111C9DBF7239EA7738DF10 /* HomeView.swift */,
				ECB5B8E7969459CA8D121C3C /* CameraView.swift */,
				D8D36B8A40C558CA5DBBD9C5 /* ImagePreviewView.swift */,
				A8A886C16C9F5EF186E4B631 /* OCRResultView.swift */,
				8B6A150C3AEE66E5EFAFF293 /* PhotoPickerView.swift */,
			);
			path = Presentation;
			sourceTree = "<group>";
		};
		DB51C40ACFA445AB6188C86E /* ViewModels */ = {
			isa = PBXGroup;
			children = (
				5730192BDB743156BABB0ED7 /* OCRProcessingViewModel.swift */,
			);
			path = ViewModels;
			sourceTree = "<group>";
		};
		E47CAFD5DB806D36B14C7B18 /* Data */ = {
			isa = PBXGroup;
			children = (
				E9A179E6E316DAD7DC469D21 /* Parsers */,
				6F5348EE776EBD891F5D3162 /* Repositories */,
				3547F214ABEF45F377EF410E /* Services */,
			);
			path = Data;
			sourceTree = "<group>";
		};
		E7D760FA24655B65D00DF21F /* Utils */ = {
			isa = PBXGroup;
			children = (
				8942E5D1A5AB8BDD5E261311 /* OCRLogger.swift */,
				520DEC94AF922A4C0BE5CDCF /* OCRLoggerAdapter.swift */,
			);
			path = Utils;
			sourceTree = "<group>";
		};
		E9A179E6E316DAD7DC469D21 /* Parsers */ = {
			isa = PBXGroup;
			children = (
				B29404050EBCDFB89810E05D /* KTPFieldExtractors.swift */,
				254ADD82920B3035E8C13DBD /* KTPParser.swift */,
				B6E8405AE2C94567AA7BA108 /* KTPParserAdapter.swift */,
			);
			path = Parsers;
			sourceTree = "<group>";
		};
/* End PBXGroup section */

/* Begin PBXNativeTarget section */
		381F30E2A988D0A89518F3FE /* Scan OCR KTPUITests */ = {
			isa = PBXNativeTarget;
			buildConfigurationList = 2C64A7F5F621EFAE7597F52A /* Build configuration list for PBXNativeTarget "Scan OCR KTPUITests" */;
			buildPhases = (
				DDBE3B78A3B55A19A59F9E39 /* [CP] Check Pods Manifest.lock */,
				DEBAF3C98FAFF35CD3C6F6FE /* Sources */,
				0E42511AD8A39B371D5F39A5 /* Frameworks */,
				EC91EAB46AE377FE9D112F8F /* [CP] Embed Pods Frameworks */,
				9E597A565AD1C79BD2AEB5AC /* [CP] Copy Pods Resources */,
			);
			buildRules = (
			);
			dependencies = (
				F3161C1E412A1850195ED88A /* PBXTargetDependency */,
			);
			name = "Scan OCR KTPUITests";
			productName = "Scan OCR KTPUITests";
			productReference = FEEEEE508F8D2BA4D025F023 /* Scan OCR KTPUITests.xctest */;
			productType = "com.apple.product-type.bundle.ui-testing";
		};
		9830B63B99ABF6D53E6F43F9 /* Scan OCR KTP */ = {
			isa = PBXNativeTarget;
			buildConfigurationList = 78552264D41D8049A87BC251 /* Build configuration list for PBXNativeTarget "Scan OCR KTP" */;
			buildPhases = (
				FE1E9AA53FA46E1783BC18CA /* [CP] Check Pods Manifest.lock */,
				EFA06C73A2243776F3A276FB /* [CP] Embed Pods Frameworks */,
				2017192637AE857A192F95FB /* [CP] Copy Pods Resources */,
				A5F07B1AEEE9C1EBD3C8B9BC /* Sources */,
				69844104E44CCFDF5671C2FC /* Resources */,
				6BF31982E971A5BA1619BAE9 /* Frameworks */,
			);
			buildRules = (
			);
			dependencies = (
			);
			name = "Scan OCR KTP";
			productName = "Scan OCR KTP";
			productReference = 4ED5F3D2DA5E19DF13616EBC /* Scan OCR KTP.app */;
			productType = "com.apple.product-type.application";
		};
		D1C998CBDB118CEFE1895BA8 /* Scan OCR KTPTests */ = {
			isa = PBXNativeTarget;
			buildConfigurationList = 7B2C197197AB5749E47A60CB /* Build configuration list for PBXNativeTarget "Scan OCR KTPTests" */;
			buildPhases = (
				39AB81B7D2733F847FD0C127 /* [CP] Check Pods Manifest.lock */,
				87E6BB09E342432A0A0A4634 /* Sources */,
				5675F281EBB57AC59893215B /* Frameworks */,
			);
			buildRules = (
			);
			dependencies = (
				E3301482A5867810C77CE4D3 /* PBXTargetDependency */,
			);
			name = "Scan OCR KTPTests";
			productName = "Scan OCR KTPTests";
			productReference = 3D84AC56750606486AE2F13B /* Scan OCR KTPTests.xctest */;
			productType = "com.apple.product-type.bundle.unit-test";
		};
/* End PBXNativeTarget section */

/* Begin PBXProject section */
		C63ED905F517428F9708B3DA /* Project object */ = {
			isa = PBXProject;
			attributes = {
				BuildIndependentTargetsInParallel = YES;
				LastUpgradeCheck = 1430;
				TargetAttributes = {
					381F30E2A988D0A89518F3FE = {
						DevelopmentTeam = 6LKBYRNM9Y;
						ProvisioningStyle = Automatic;
						TestTargetID = 9830B63B99ABF6D53E6F43F9;
					};
					9830B63B99ABF6D53E6F43F9 = {
						DevelopmentTeam = 6LKBYRNM9Y;
						ProvisioningStyle = Automatic;
					};
					D1C998CBDB118CEFE1895BA8 = {
						DevelopmentTeam = 6LKBYRNM9Y;
						ProvisioningStyle = Automatic;
					};
				};
			};
			buildConfigurationList = 8EE3E27380EC5FB95075BFA5 /* Build configuration list for PBXProject "Scan OCR KTP" */;
			compatibilityVersion = "Xcode 14.0";
			developmentRegion = en;
			hasScannedForEncodings = 0;
			knownRegions = (
				Base,
				en,
			);
			mainGroup = 63BFAABBDE45BC6321276B15;
			minimizedProjectReferenceProxies = 1;
			productRefGroup = 1F80B9B0086CDCA0100034C9 /* Products */;
			projectDirPath = "";
			projectRoot = "";
			targets = (
				9830B63B99ABF6D53E6F43F9 /* Scan OCR KTP */,
				D1C998CBDB118CEFE1895BA8 /* Scan OCR KTPTests */,
				381F30E2A988D0A89518F3FE /* Scan OCR KTPUITests */,
			);
		};
/* End PBXProject section */

/* Begin PBXResourcesBuildPhase section */
		69844104E44CCFDF5671C2FC /* Resources */ = {
			isa = PBXResourcesBuildPhase;
			buildActionMask = 2147483647;
			files = (
				E7502E52110DFC43EAC8641C /* Assets.xcassets in Resources */,
			);
			runOnlyForDeploymentPostprocessing = 0;
		};
/* End PBXResourcesBuildPhase section */

/* Begin PBXShellScriptBuildPhase section */
		2017192637AE857A192F95FB /* [CP] Copy Pods Resources */ = {
			isa = PBXShellScriptBuildPhase;
			alwaysOutOfDate = 1;
			buildActionMask = 2147483647;
			files = (
			);
			inputFileListPaths = (
				"${PODS_ROOT}/Target Support Files/Pods-Scan OCR KTP/Pods-Scan OCR KTP-resources-${CONFIGURATION}-input-files.xcfilelist",
			);
			inputPaths = (
			);
			name = "[CP] Copy Pods Resources";
			outputFileListPaths = (
				"${PODS_ROOT}/Target Support Files/Pods-Scan OCR KTP/Pods-Scan OCR KTP-resources-${CONFIGURATION}-output-files.xcfilelist",
			);
			outputPaths = (
			);
			runOnlyForDeploymentPostprocessing = 0;
			shellPath = /bin/sh;
			shellScript = "\"${PODS_ROOT}/Target Support Files/Pods-Scan OCR KTP/Pods-Scan OCR KTP-resources.sh\"\n";
		};
		39AB81B7D2733F847FD0C127 /* [CP] Check Pods Manifest.lock */ = {
			isa = PBXShellScriptBuildPhase;
			alwaysOutOfDate = 1;
			buildActionMask = 2147483647;
			files = (
			);
			inputFileListPaths = (
			);
			inputPaths = (
				"${PODS_PODFILE_DIR_PATH}/Podfile.lock",
				"${PODS_ROOT}/Manifest.lock",
			);
			name = "[CP] Check Pods Manifest.lock";
			outputFileListPaths = (
			);
			outputPaths = (
				"$(DERIVED_FILE_DIR)/Pods-Scan OCR KTPTests-checkManifestLockResult.txt",
			);
			runOnlyForDeploymentPostprocessing = 0;
			shellPath = /bin/sh;
			shellScript = "diff \"${PODS_PODFILE_DIR_PATH}/Podfile.lock\" \"${PODS_ROOT}/Manifest.lock\" > /dev/null\nif [ $? != 0 ] ; then\n    # print error to STDERR\n    echo \"error: The sandbox is not in sync with the Podfile.lock. Run 'pod install' or update your CocoaPods installation.\" >&2\n    exit 1\nfi\n# This output is used by Xcode 'outputs' to avoid re-running this script phase.\necho \"SUCCESS\" > \"${SCRIPT_OUTPUT_FILE_0}\"\n";
		};
		9E597A565AD1C79BD2AEB5AC /* [CP] Copy Pods Resources */ = {
			isa = PBXShellScriptBuildPhase;
			buildActionMask = 2147483647;
			files = (
			);
			inputFileListPaths = (
				"${PODS_ROOT}/Target Support Files/Pods-Scan OCR KTP-Scan OCR KTPUITests/Pods-Scan OCR KTP-Scan OCR KTPUITests-resources-${CONFIGURATION}-input-files.xcfilelist",
			);
			inputPaths = (
			);
			name = "[CP] Copy Pods Resources";
			outputFileListPaths = (
				"${PODS_ROOT}/Target Support Files/Pods-Scan OCR KTP-Scan OCR KTPUITests/Pods-Scan OCR KTP-Scan OCR KTPUITests-resources-${CONFIGURATION}-output-files.xcfilelist",
			);
			outputPaths = (
			);
			runOnlyForDeploymentPostprocessing = 0;
			shellPath = /bin/sh;
			shellScript = "\"${PODS_ROOT}/Target Support Files/Pods-Scan OCR KTP-Scan OCR KTPUITests/Pods-Scan OCR KTP-Scan OCR KTPUITests-resources.sh\"\n";
			showEnvVarsInLog = 0;
		};
		DDBE3B78A3B55A19A59F9E39 /* [CP] Check Pods Manifest.lock */ = {
			isa = PBXShellScriptBuildPhase;
			alwaysOutOfDate = 1;
			buildActionMask = 2147483647;
			files = (
			);
			inputFileListPaths = (
			);
			inputPaths = (
				"${PODS_PODFILE_DIR_PATH}/Podfile.lock",
				"${PODS_ROOT}/Manifest.lock",
			);
			name = "[CP] Check Pods Manifest.lock";
			outputFileListPaths = (
			);
			outputPaths = (
				"$(DERIVED_FILE_DIR)/Pods-Scan OCR KTP-Scan OCR KTPUITests-checkManifestLockResult.txt",
			);
			runOnlyForDeploymentPostprocessing = 0;
			shellPath = /bin/sh;
			shellScript = "diff \"${PODS_PODFILE_DIR_PATH}/Podfile.lock\" \"${PODS_ROOT}/Manifest.lock\" > /dev/null\nif [ $? != 0 ] ; then\n    # print error to STDERR\n    echo \"error: The sandbox is not in sync with the Podfile.lock. Run 'pod install' or update your CocoaPods installation.\" >&2\n    exit 1\nfi\n# This output is used by Xcode 'outputs' to avoid re-running this script phase.\necho \"SUCCESS\" > \"${SCRIPT_OUTPUT_FILE_0}\"\n";
		};
		EC91EAB46AE377FE9D112F8F /* [CP] Embed Pods Frameworks */ = {
			isa = PBXShellScriptBuildPhase;
			buildActionMask = 2147483647;
			files = (
			);
			inputFileListPaths = (
				"${PODS_ROOT}/Target Support Files/Pods-Scan OCR KTP-Scan OCR KTPUITests/Pods-Scan OCR KTP-Scan OCR KTPUITests-frameworks-${CONFIGURATION}-input-files.xcfilelist",
			);
			inputPaths = (
			);
			name = "[CP] Embed Pods Frameworks";
			outputFileListPaths = (
				"${PODS_ROOT}/Target Support Files/Pods-Scan OCR KTP-Scan OCR KTPUITests/Pods-Scan OCR KTP-Scan OCR KTPUITests-frameworks-${CONFIGURATION}-output-files.xcfilelist",
			);
			outputPaths = (
			);
			runOnlyForDeploymentPostprocessing = 0;
			shellPath = /bin/sh;
			shellScript = "\"${PODS_ROOT}/Target Support Files/Pods-Scan OCR KTP-Scan OCR KTPUITests/Pods-Scan OCR KTP-Scan OCR KTPUITests-frameworks.sh\"\n";
			showEnvVarsInLog = 0;
		};
		EFA06C73A2243776F3A276FB /* [CP] Embed Pods Frameworks */ = {
			isa = PBXShellScriptBuildPhase;
			alwaysOutOfDate = 1;
			buildActionMask = 2147483647;
			files = (
			);
			inputFileListPaths = (
				"${PODS_ROOT}/Target Support Files/Pods-Scan OCR KTP/Pods-Scan OCR KTP-frameworks-${CONFIGURATION}-input-files.xcfilelist",
			);
			inputPaths = (
			);
			name = "[CP] Embed Pods Frameworks";
			outputFileListPaths = (
				"${PODS_ROOT}/Target Support Files/Pods-Scan OCR KTP/Pods-Scan OCR KTP-frameworks-${CONFIGURATION}-output-files.xcfilelist",
			);
			outputPaths = (
			);
			runOnlyForDeploymentPostprocessing = 0;
			shellPath = /bin/sh;
			shellScript = "\"${PODS_ROOT}/Target Support Files/Pods-Scan OCR KTP/Pods-Scan OCR KTP-frameworks.sh\"\n";
		};
		FE1E9AA53FA46E1783BC18CA /* [CP] Check Pods Manifest.lock */ = {
			isa = PBXShellScriptBuildPhase;
			alwaysOutOfDate = 1;
			buildActionMask = 2147483647;
			files = (
			);
			inputFileListPaths = (
			);
			inputPaths = (
				"${PODS_PODFILE_DIR_PATH}/Podfile.lock",
				"${PODS_ROOT}/Manifest.lock",
			);
			name = "[CP] Check Pods Manifest.lock";
			outputFileListPaths = (
			);
			outputPaths = (
				"$(DERIVED_FILE_DIR)/Pods-Scan OCR KTP-checkManifestLockResult.txt",
			);
			runOnlyForDeploymentPostprocessing = 0;
			shellPath = /bin/sh;
			shellScript = "diff \"${PODS_PODFILE_DIR_PATH}/Podfile.lock\" \"${PODS_ROOT}/Manifest.lock\" > /dev/null\nif [ $? != 0 ] ; then\n    # print error to STDERR\n    echo \"error: The sandbox is not in sync with the Podfile.lock. Run 'pod install' or update your CocoaPods installation.\" >&2\n    exit 1\nfi\n# This output is used by Xcode 'outputs' to avoid re-running this script phase.\necho \"SUCCESS\" > \"${SCRIPT_OUTPUT_FILE_0}\"\n";
		};
/* End PBXShellScriptBuildPhase section */

/* Begin PBXSourcesBuildPhase section */
		87E6BB09E342432A0A0A4634 /* Sources */ = {
			isa = PBXSourcesBuildPhase;
			buildActionMask = 2147483647;
			files = (
				4BE7DD1B62B2616D8A253D5F /* Tests.swift in Sources */,
			);
			runOnlyForDeploymentPostprocessing = 0;
		};
		A5F07B1AEEE9C1EBD3C8B9BC /* Sources */ = {
			isa = PBXSourcesBuildPhase;
			buildActionMask = 2147483647;
			files = (
				01D8EEF4A65403F0A2CF62DA /* App.swift in Sources */,
				6785FAAE76198E14EBA108CA /* AppRoute.swift in Sources */,
				1FDD436D54C75BEB639DF44D /* CameraView.swift in Sources */,
				A320362AEF501B4DD48C78F2 /* MainView.swift in Sources */,
				6282209A204735433E40A5FF /* DIContainer.swift in Sources */,
				0E7552F9E4C74805429D7951 /* HomeView.swift in Sources */,
				DEBC7B3E839F73EB2674FD5E /* ImageData.swift in Sources */,
				AE3D39EDE13B05C85963601E /* ImagePreviewView.swift in Sources */,
				D944E18E436157402DF70A62 /* KTPData.swift in Sources */,
				483712BB480AEE0D06F9B9A8 /* KTPFieldExtractors.swift in Sources */,
				26A2780C9E67363E27CA22FD /* KTPParser.swift in Sources */,
				F6EAEF6D25764F81B8246764 /* KTPParserAdapter.swift in Sources */,
				534F80AAD30773B3C3F08696 /* KTPParserProtocol.swift in Sources */,
				8F49C270750994AA8371F662 /* MLKitOCRService.swift in Sources */,
				B60AEEC9E4CBF88F6E3D33F0 /* NavigationCoordinator.swift in Sources */,
				FF52C8D6C718F88304CD2CE6 /* NavigationFactory.swift in Sources */,
				AA6D0F9811D619C64AD619F2 /* OCRLogger.swift in Sources */,
				714A003ACFFE29A6677AA125 /* OCRLoggerAdapter.swift in Sources */,
				C17B9BFA9DFDA6A05EBCA483 /* OCRManager.swift in Sources */,
				E63EC12041EC66375E7016CD /* OCRProcessingViewModel.swift in Sources */,
				BD94F7D137DB68165BE558F3 /* OCRRepository.swift in Sources */,
				13D5B3A2F32EABBDF0898F3F /* OCRRepositoryProtocol.swift in Sources */,
				94168F6623513DF3AC5E2310 /* OCRResult.swift in Sources */,
				9D6109690C40FFC4DD6EFB18 /* OCRResultView.swift in Sources */,
				01C25E81C26891DB20B372DA /* PhotoPickerView.swift in Sources */,
				6785125138F81238EB182AAD /* ProcessKTPImageUseCase.swift in Sources */,
				9F22AA37FF979EDEECA8872B /* VisionOCRService.swift in Sources */,
				8787F2840E13CB4808401580 /* VisionOCRServiceAdapter.swift in Sources */,
			);
			runOnlyForDeploymentPostprocessing = 0;
		};
		DEBAF3C98FAFF35CD3C6F6FE /* Sources */ = {
			isa = PBXSourcesBuildPhase;
			buildActionMask = 2147483647;
			files = (
				351BE98F84E7E337874AEF9B /* CameraFlowUITests.swift in Sources */,
				1F9AAD0D123FE590C484E1B3 /* GalleryFlowUITests.swift in Sources */,
				0DE5E61C203F6A8019403732 /* UITests.swift in Sources */,
				D3D1D5C54756684022624599 /* UITestsLaunchTests.swift in Sources */,
			);
			runOnlyForDeploymentPostprocessing = 0;
		};
/* End PBXSourcesBuildPhase section */

/* Begin PBXTargetDependency section */
		E3301482A5867810C77CE4D3 /* PBXTargetDependency */ = {
			isa = PBXTargetDependency;
			target = 9830B63B99ABF6D53E6F43F9 /* Scan OCR KTP */;
			targetProxy = DDA37FD92A5AF9CB0F67E086 /* PBXContainerItemProxy */;
		};
		F3161C1E412A1850195ED88A /* PBXTargetDependency */ = {
			isa = PBXTargetDependency;
			target = 9830B63B99ABF6D53E6F43F9 /* Scan OCR KTP */;
			targetProxy = A728CD4B9717901512790288 /* PBXContainerItemProxy */;
		};
/* End PBXTargetDependency section */

/* Begin XCBuildConfiguration section */
		0790FD7A7BAF1053F7BB454D /* Debug */ = {
			isa = XCBuildConfiguration;
			baseConfigurationReference = FD1FC7EAF04C0EF092871B75 /* Pods-Scan OCR KTPTests.debug.xcconfig */;
			buildSettings = {
				BUNDLE_LOADER = "$(TEST_HOST)";
				FRAMEWORK_SEARCH_PATHS = (
					"$(inherited)",
					"\".\"",
				);
				GENERATE_INFOPLIST_FILE = YES;
				LD_RUNPATH_SEARCH_PATHS = (
					"$(inherited)",
					"@executable_path/Frameworks",
					"@loader_path/Frameworks",
				);
				PRODUCT_BUNDLE_IDENTIFIER = com.diki.scan.ocr.ktp.Tests;
				SDKROOT = iphoneos;
				TARGETED_DEVICE_FAMILY = "1,2";
				TEST_HOST = "$(BUILT_PRODUCTS_DIR)/Scan OCR KTP.app/$(BUNDLE_EXECUTABLE_FOLDER_PATH)/Scan OCR KTP";
			};
			name = Debug;
		};
		37CD1A14C112D8E259BB00F0 /* Release */ = {
			isa = XCBuildConfiguration;
			buildSettings = {
				ALWAYS_SEARCH_USER_PATHS = NO;
				CLANG_ANALYZER_NONNULL = YES;
				CLANG_ANALYZER_NUMBER_OBJECT_CONVERSION = YES_AGGRESSIVE;
				CLANG_CXX_LANGUAGE_STANDARD = "gnu++14";
				CLANG_CXX_LIBRARY = "libc++";
				CLANG_ENABLE_MODULES = YES;
				CLANG_ENABLE_OBJC_ARC = YES;
				CLANG_ENABLE_OBJC_WEAK = YES;
				CLANG_WARN_BLOCK_CAPTURE_AUTORELEASING = YES;
				CLANG_WARN_BOOL_CONVERSION = YES;
				CLANG_WARN_COMMA = YES;
				CLANG_WARN_CONSTANT_CONVERSION = YES;
				CLANG_WARN_DEPRECATED_OBJC_IMPLEMENTATIONS = YES;
				CLANG_WARN_DIRECT_OBJC_ISA_USAGE = YES_ERROR;
				CLANG_WARN_DOCUMENTATION_COMMENTS = YES;
				CLANG_WARN_EMPTY_BODY = YES;
				CLANG_WARN_ENUM_CONVERSION = YES;
				CLANG_WARN_INFINITE_RECURSION = YES;
				CLANG_WARN_INT_CONVERSION = YES;
				CLANG_WARN_NON_LITERAL_NULL_CONVERSION = YES;
				CLANG_WARN_OBJC_IMPLICIT_RETAIN_SELF = YES;
				CLANG_WARN_OBJC_LITERAL_CONVERSION = YES;
				CLANG_WARN_OBJC_ROOT_CLASS = YES_ERROR;
				CLANG_WARN_QUOTED_INCLUDE_IN_FRAMEWORK_HEADER = YES;
				CLANG_WARN_RANGE_LOOP_ANALYSIS = YES;
				CLANG_WARN_STRICT_PROTOTYPES = YES;
				CLANG_WARN_SUSPICIOUS_MOVE = YES;
				CLANG_WARN_UNGUARDED_AVAILABILITY = YES_AGGRESSIVE;
				CLANG_WARN_UNREACHABLE_CODE = YES;
				CLANG_WARN__DUPLICATE_METHOD_MATCH = YES;
				CODE_SIGN_STYLE = Automatic;
				COPY_PHASE_STRIP = NO;
				CURRENT_PROJECT_VERSION = 1;
				DEBUG_INFORMATION_FORMAT = "dwarf-with-dsym";
				DEVELOPMENT_TEAM = 6LKBYRNM9Y;
				ENABLE_BITCODE = NO;
				ENABLE_NS_ASSERTIONS = NO;
				ENABLE_PREVIEWS = YES;
				ENABLE_STRICT_OBJC_MSGSEND = YES;
				GCC_C_LANGUAGE_STANDARD = gnu11;
				GCC_NO_COMMON_BLOCKS = YES;
				GCC_WARN_64_TO_32_BIT_CONVERSION = YES;
				GCC_WARN_ABOUT_RETURN_TYPE = YES_ERROR;
				GCC_WARN_UNDECLARED_SELECTOR = YES;
				GCC_WARN_UNINITIALIZED_AUTOS = YES_AGGRESSIVE;
				GCC_WARN_UNUSED_FUNCTION = YES;
				GCC_WARN_UNUSED_VARIABLE = YES;
				INFOPLIST_KEY_NSCameraUsageDescription = "This app needs camera access to scan KTP documents";
				INFOPLIST_KEY_NSPhotoLibraryUsageDescription = "This app needs photo library access to select KTP images for scanning";
				INFOPLIST_KEY_UIApplicationSceneManifest_Generation = YES;
				INFOPLIST_KEY_UIApplicationSupportsIndirectInputEvents = YES;
				INFOPLIST_KEY_UILaunchScreen_Generation = YES;
				INFOPLIST_KEY_UISupportedInterfaceOrientations = "UIInterfaceOrientationPortrait UIInterfaceOrientationLandscapeLeft UIInterfaceOrientationLandscapeRight";
				INFOPLIST_KEY_UISupportedInterfaceOrientations_iPad = "UIInterfaceOrientationPortrait UIInterfaceOrientationPortraitUpsideDown UIInterfaceOrientationLandscapeLeft UIInterfaceOrientationLandscapeRight";
				IPHONEOS_DEPLOYMENT_TARGET = 18.5;
				MARKETING_VERSION = 1.0;
				MTL_ENABLE_DEBUG_INFO = NO;
				MTL_FAST_MATH = YES;
				PRODUCT_NAME = "$(TARGET_NAME)";
				SDKROOT = iphoneos;
				SUPPORTED_PLATFORMS = "iphoneos iphonesimulator";
				SWIFT_COMPILATION_MODE = wholemodule;
				SWIFT_OPTIMIZATION_LEVEL = "-O";
				SWIFT_VERSION = 5.0;
				TARGETED_DEVICE_FAMILY = "1,2";
			};
			name = Release;
		};
		48A84F605A771A239D997397 /* Release */ = {
			isa = XCBuildConfiguration;
			baseConfigurationReference = EDA7DEAA8A15448FF71FCDCB /* Pods-Scan OCR KTP-Scan OCR KTPUITests.release.xcconfig */;
			buildSettings = {
				BUNDLE_LOADER = "$(TEST_HOST)";
				FRAMEWORK_SEARCH_PATHS = (
					"$(inherited)",
					"\".\"",
				);
				GENERATE_INFOPLIST_FILE = YES;
				LD_RUNPATH_SEARCH_PATHS = (
					"$(inherited)",
					"@executable_path/Frameworks",
					"@loader_path/Frameworks",
				);
				PRODUCT_BUNDLE_IDENTIFIER = com.diki.scan.ocr.ktp.UITests;
				SDKROOT = iphoneos;
				TARGETED_DEVICE_FAMILY = "1,2";
				TEST_TARGET_NAME = "Scan OCR KTP";
			};
			name = Release;
		};
		4E2B61116111E18645AA6A9F /* Release */ = {
			isa = XCBuildConfiguration;
			baseConfigurationReference = DF26803B67F60F0F7F2573FA /* Pods-Scan OCR KTPTests.release.xcconfig */;
			buildSettings = {
				BUNDLE_LOADER = "$(TEST_HOST)";
				FRAMEWORK_SEARCH_PATHS = (
					"$(inherited)",
					"\".\"",
				);
				GENERATE_INFOPLIST_FILE = YES;
				LD_RUNPATH_SEARCH_PATHS = (
					"$(inherited)",
					"@executable_path/Frameworks",
					"@loader_path/Frameworks",
				);
				PRODUCT_BUNDLE_IDENTIFIER = com.diki.scan.ocr.ktp.Tests;
				SDKROOT = iphoneos;
				TARGETED_DEVICE_FAMILY = "1,2";
				TEST_HOST = "$(BUILT_PRODUCTS_DIR)/Scan OCR KTP.app/$(BUNDLE_EXECUTABLE_FOLDER_PATH)/Scan OCR KTP";
			};
			name = Release;
		};
		4F7D14FDEB25687E2C312B47 /* Release */ = {
			isa = XCBuildConfiguration;
			baseConfigurationReference = 8EA85EB71AE59E15D1A17644 /* Pods-Scan OCR KTP.release.xcconfig */;
			buildSettings = {
				ASSETCATALOG_COMPILER_APPICON_NAME = AppIcon;
				ASSETCATALOG_COMPILER_GLOBAL_ACCENT_COLOR_NAME = AccentColor;
				CODE_SIGN_ENTITLEMENTS = App/App.entitlements;
				CODE_SIGN_IDENTITY = "iPhone Developer";
				ENABLE_HARDENED_RUNTIME = YES;
				FRAMEWORK_SEARCH_PATHS = (
					"$(inherited)",
					"\".\"",
				);
				GENERATE_INFOPLIST_FILE = YES;
				LD_RUNPATH_SEARCH_PATHS = (
					"$(inherited)",
					"@executable_path/Frameworks",
				);
				PRODUCT_BUNDLE_IDENTIFIER = com.diki.scan.ocr.ktp;
				PRODUCT_NAME = "$(TARGET_NAME)";
				SDKROOT = iphoneos;
				SWIFT_OPTIMIZATION_LEVEL = "-O";
				TARGETED_DEVICE_FAMILY = "1,2";
			};
			name = Release;
		};
		7630ED48DED3DBE856AE003D /* Debug */ = {
			isa = XCBuildConfiguration;
			buildSettings = {
				ALWAYS_SEARCH_USER_PATHS = NO;
				CLANG_ANALYZER_NONNULL = YES;
				CLANG_ANALYZER_NUMBER_OBJECT_CONVERSION = YES_AGGRESSIVE;
				CLANG_CXX_LANGUAGE_STANDARD = "gnu++14";
				CLANG_CXX_LIBRARY = "libc++";
				CLANG_ENABLE_MODULES = YES;
				CLANG_ENABLE_OBJC_ARC = YES;
				CLANG_ENABLE_OBJC_WEAK = YES;
				CLANG_WARN_BLOCK_CAPTURE_AUTORELEASING = YES;
				CLANG_WARN_BOOL_CONVERSION = YES;
				CLANG_WARN_COMMA = YES;
				CLANG_WARN_CONSTANT_CONVERSION = YES;
				CLANG_WARN_DEPRECATED_OBJC_IMPLEMENTATIONS = YES;
				CLANG_WARN_DIRECT_OBJC_ISA_USAGE = YES_ERROR;
				CLANG_WARN_DOCUMENTATION_COMMENTS = YES;
				CLANG_WARN_EMPTY_BODY = YES;
				CLANG_WARN_ENUM_CONVERSION = YES;
				CLANG_WARN_INFINITE_RECURSION = YES;
				CLANG_WARN_INT_CONVERSION = YES;
				CLANG_WARN_NON_LITERAL_NULL_CONVERSION = YES;
				CLANG_WARN_OBJC_IMPLICIT_RETAIN_SELF = YES;
				CLANG_WARN_OBJC_LITERAL_CONVERSION = YES;
				CLANG_WARN_OBJC_ROOT_CLASS = YES_ERROR;
				CLANG_WARN_QUOTED_INCLUDE_IN_FRAMEWORK_HEADER = YES;
				CLANG_WARN_RANGE_LOOP_ANALYSIS = YES;
				CLANG_WARN_STRICT_PROTOTYPES = YES;
				CLANG_WARN_SUSPICIOUS_MOVE = YES;
				CLANG_WARN_UNGUARDED_AVAILABILITY = YES_AGGRESSIVE;
				CLANG_WARN_UNREACHABLE_CODE = YES;
				CLANG_WARN__DUPLICATE_METHOD_MATCH = YES;
				CODE_SIGN_STYLE = Automatic;
				COPY_PHASE_STRIP = NO;
				CURRENT_PROJECT_VERSION = 1;
				DEBUG_INFORMATION_FORMAT = dwarf;
				DEVELOPMENT_TEAM = 6LKBYRNM9Y;
				ENABLE_BITCODE = NO;
				ENABLE_PREVIEWS = YES;
				ENABLE_STRICT_OBJC_MSGSEND = YES;
				ENABLE_TESTABILITY = YES;
				GCC_C_LANGUAGE_STANDARD = gnu11;
				GCC_DYNAMIC_NO_PIC = NO;
				GCC_NO_COMMON_BLOCKS = YES;
				GCC_OPTIMIZATION_LEVEL = 0;
				GCC_PREPROCESSOR_DEFINITIONS = (
					"$(inherited)",
					"DEBUG=1",
				);
				GCC_WARN_64_TO_32_BIT_CONVERSION = YES;
				GCC_WARN_ABOUT_RETURN_TYPE = YES_ERROR;
				GCC_WARN_UNDECLARED_SELECTOR = YES;
				GCC_WARN_UNINITIALIZED_AUTOS = YES_AGGRESSIVE;
				GCC_WARN_UNUSED_FUNCTION = YES;
				GCC_WARN_UNUSED_VARIABLE = YES;
				INFOPLIST_KEY_NSCameraUsageDescription = "This app needs camera access to scan KTP documents";
				INFOPLIST_KEY_NSPhotoLibraryUsageDescription = "This app needs photo library access to select KTP images for scanning";
				INFOPLIST_KEY_UIApplicationSceneManifest_Generation = YES;
				INFOPLIST_KEY_UIApplicationSupportsIndirectInputEvents = YES;
				INFOPLIST_KEY_UILaunchScreen_Generation = YES;
				INFOPLIST_KEY_UISupportedInterfaceOrientations = "UIInterfaceOrientationPortrait UIInterfaceOrientationLandscapeLeft UIInterfaceOrientationLandscapeRight";
				INFOPLIST_KEY_UISupportedInterfaceOrientations_iPad = "UIInterfaceOrientationPortrait UIInterfaceOrientationPortraitUpsideDown UIInterfaceOrientationLandscapeLeft UIInterfaceOrientationLandscapeRight";
				IPHONEOS_DEPLOYMENT_TARGET = 18.5;
				MARKETING_VERSION = 1.0;
				MTL_ENABLE_DEBUG_INFO = INCLUDE_SOURCE;
				MTL_FAST_MATH = YES;
				ONLY_ACTIVE_ARCH = YES;
				PRODUCT_NAME = "$(TARGET_NAME)";
				SDKROOT = iphoneos;
				SUPPORTED_PLATFORMS = "iphoneos iphonesimulator";
				SWIFT_ACTIVE_COMPILATION_CONDITIONS = DEBUG;
				SWIFT_OPTIMIZATION_LEVEL = "-Onone";
				SWIFT_VERSION = 5.0;
				TARGETED_DEVICE_FAMILY = "1,2";
			};
			name = Debug;
		};
		97BD27BCF74A10F7F46B20E7 /* Debug */ = {
			isa = XCBuildConfiguration;
			baseConfigurationReference = 5E53FE4AC49437BA9B5A1EC9 /* Pods-Scan OCR KTP-Scan OCR KTPUITests.debug.xcconfig */;
			buildSettings = {
				BUNDLE_LOADER = "$(TEST_HOST)";
				FRAMEWORK_SEARCH_PATHS = (
					"$(inherited)",
					"\".\"",
				);
				GENERATE_INFOPLIST_FILE = YES;
				LD_RUNPATH_SEARCH_PATHS = (
					"$(inherited)",
					"@executable_path/Frameworks",
					"@loader_path/Frameworks",
				);
				PRODUCT_BUNDLE_IDENTIFIER = com.diki.scan.ocr.ktp.UITests;
				SDKROOT = iphoneos;
				TARGETED_DEVICE_FAMILY = "1,2";
				TEST_TARGET_NAME = "Scan OCR KTP";
			};
			name = Debug;
		};
		9B97388DE08EC4B2D83AE773 /* Debug */ = {
			isa = XCBuildConfiguration;
			baseConfigurationReference = C85FFA4628A175C44308F6C5 /* Pods-Scan OCR KTP.debug.xcconfig */;
			buildSettings = {
				ASSETCATALOG_COMPILER_APPICON_NAME = AppIcon;
				ASSETCATALOG_COMPILER_GLOBAL_ACCENT_COLOR_NAME = AccentColor;
				CODE_SIGN_ENTITLEMENTS = App/App.entitlements;
				CODE_SIGN_IDENTITY = "iPhone Developer";
				ENABLE_HARDENED_RUNTIME = YES;
				FRAMEWORK_SEARCH_PATHS = (
					"$(inherited)",
					"\".\"",
				);
				GENERATE_INFOPLIST_FILE = YES;
				LD_RUNPATH_SEARCH_PATHS = (
					"$(inherited)",
					"@executable_path/Frameworks",
				);
				ONLY_ACTIVE_ARCH = YES;
				PRODUCT_BUNDLE_IDENTIFIER = com.diki.scan.ocr.ktp;
				PRODUCT_NAME = "$(TARGET_NAME)";
				SDKROOT = iphoneos;
				SWIFT_ACTIVE_COMPILATION_CONDITIONS = DEBUG;
				SWIFT_OPTIMIZATION_LEVEL = "-Onone";
				TARGETED_DEVICE_FAMILY = "1,2";
			};
			name = Debug;
		};
/* End XCBuildConfiguration section */

/* Begin XCConfigurationList section */
		2C64A7F5F621EFAE7597F52A /* Build configuration list for PBXNativeTarget "Scan OCR KTPUITests" */ = {
			isa = XCConfigurationList;
			buildConfigurations = (
				97BD27BCF74A10F7F46B20E7 /* Debug */,
				48A84F605A771A239D997397 /* Release */,
			);
			defaultConfigurationIsVisible = 0;
			defaultConfigurationName = Debug;
		};
		78552264D41D8049A87BC251 /* Build configuration list for PBXNativeTarget "Scan OCR KTP" */ = {
			isa = XCConfigurationList;
			buildConfigurations = (
				9B97388DE08EC4B2D83AE773 /* Debug */,
				4F7D14FDEB25687E2C312B47 /* Release */,
			);
			defaultConfigurationIsVisible = 0;
			defaultConfigurationName = Debug;
		};
		7B2C197197AB5749E47A60CB /* Build configuration list for PBXNativeTarget "Scan OCR KTPTests" */ = {
			isa = XCConfigurationList;
			buildConfigurations = (
				0790FD7A7BAF1053F7BB454D /* Debug */,
				4E2B61116111E18645AA6A9F /* Release */,
			);
			defaultConfigurationIsVisible = 0;
			defaultConfigurationName = Debug;
		};
		8EE3E27380EC5FB95075BFA5 /* Build configuration list for PBXProject "Scan OCR KTP" */ = {
			isa = XCConfigurationList;
			buildConfigurations = (
				7630ED48DED3DBE856AE003D /* Debug */,
				37CD1A14C112D8E259BB00F0 /* Release */,
			);
			defaultConfigurationIsVisible = 0;
			defaultConfigurationName = Debug;
		};
/* End XCConfigurationList section */
	};
	rootObject = C63ED905F517428F9708B3DA /* Project object */;
}
