// !$*UTF8*$!
{
	archiveVersion = 1;
	classes = {
	};
	objectVersion = 77;
	objects = {

/* Begin PBXBuildFile section */
		835E1D1454803E6764EBE5B7 /* Pods_Scan_OCR_KTP.framework in Frameworks */ = {isa = PBXBuildFile; fileRef = C59574BC1A17A6A641F15F9E /* Pods_Scan_OCR_KTP.framework */; };
		D6C62E6EAA4AF499363DCE07 /* Pods_Scan_OCR_KTPTests.framework in Frameworks */ = {isa = PBXBuildFile; fileRef = 522737117ECFA5510BF25CB2 /* Pods_Scan_OCR_KTPTests.framework */; };
		FEB204ED9FF6874FA8517D52 /* Pods_Scan_OCR_KTP_Scan_OCR_KTPUITests.framework in Frameworks */ = {isa = PBXBuildFile; fileRef = 54AE5E8450DC45CD031A0F28 /* Pods_Scan_OCR_KTP_Scan_OCR_KTPUITests.framework */; };
/* End PBXBuildFile section */

/* Begin PBXContainerItemProxy section */
		849C77892E8A24CF00CE1F48 /* PBXContainerItemProxy */ = {
			isa = PBXContainerItemProxy;
			containerPortal = 849C77722E8A24CD00CE1F48 /* Project object */;
			proxyType = 1;
			remoteGlobalIDString = 849C77792E8A24CD00CE1F48;
			remoteInfo = "Scan OCR KTP";
		};
		849C77932E8A24CF00CE1F48 /* PBXContainerItemProxy */ = {
			isa = PBXContainerItemProxy;
			containerPortal = 849C77722E8A24CD00CE1F48 /* Project object */;
			proxyType = 1;
			remoteGlobalIDString = 849C77792E8A24CD00CE1F48;
			remoteInfo = "Scan OCR KTP";
		};
/* End PBXContainerItemProxy section */

/* Begin PBXFileReference section */
		0826FCAEEB31536ACCB90E7A /* Pods-Scan OCR KTP.debug.xcconfig */ = {isa = PBXFileReference; includeInIndex = 1; lastKnownFileType = text.xcconfig; name = "Pods-Scan OCR KTP.debug.xcconfig"; path = "Target Support Files/Pods-Scan OCR KTP/Pods-Scan OCR KTP.debug.xcconfig"; sourceTree = "<group>"; };
		40094AD66AC378713DFCF2EA /* Pods-Scan OCR KTPTests.release.xcconfig */ = {isa = PBXFileReference; includeInIndex = 1; lastKnownFileType = text.xcconfig; name = "Pods-Scan OCR KTPTests.release.xcconfig"; path = "Target Support Files/Pods-Scan OCR KTPTests/Pods-Scan OCR KTPTests.release.xcconfig"; sourceTree = "<group>"; };
		491C2FA6E20CFEE58BBB97CF /* Pods-Scan OCR KTP-Scan OCR KTPUITests.release.xcconfig */ = {isa = PBXFileReference; includeInIndex = 1; lastKnownFileType = text.xcconfig; name = "Pods-Scan OCR KTP-Scan OCR KTPUITests.release.xcconfig"; path = "Target Support Files/Pods-Scan OCR KTP-Scan OCR KTPUITests/Pods-Scan OCR KTP-Scan OCR KTPUITests.release.xcconfig"; sourceTree = "<group>"; };
		522737117ECFA5510BF25CB2 /* Pods_Scan_OCR_KTPTests.framework */ = {isa = PBXFileReference; explicitFileType = wrapper.framework; includeInIndex = 0; path = Pods_Scan_OCR_KTPTests.framework; sourceTree = BUILT_PRODUCTS_DIR; };
		54AE5E8450DC45CD031A0F28 /* Pods_Scan_OCR_KTP_Scan_OCR_KTPUITests.framework */ = {isa = PBXFileReference; explicitFileType = wrapper.framework; includeInIndex = 0; path = Pods_Scan_OCR_KTP_Scan_OCR_KTPUITests.framework; sourceTree = BUILT_PRODUCTS_DIR; };
		849C777A2E8A24CD00CE1F48 /* Scan OCR KTP.app */ = {isa = PBXFileReference; explicitFileType = wrapper.application; includeInIndex = 0; path = "Scan OCR KTP.app"; sourceTree = BUILT_PRODUCTS_DIR; };
		849C77882E8A24CF00CE1F48 /* Scan OCR KTPTests.xctest */ = {isa = PBXFileReference; explicitFileType = wrapper.cfbundle; includeInIndex = 0; path = "Scan OCR KTPTests.xctest"; sourceTree = BUILT_PRODUCTS_DIR; };
		849C77922E8A24CF00CE1F48 /* Scan OCR KTPUITests.xctest */ = {isa = PBXFileReference; explicitFileType = wrapper.cfbundle; includeInIndex = 0; path = "Scan OCR KTPUITests.xctest"; sourceTree = BUILT_PRODUCTS_DIR; };
		C59574BC1A17A6A641F15F9E /* Pods_Scan_OCR_KTP.framework */ = {isa = PBXFileReference; explicitFileType = wrapper.framework; includeInIndex = 0; path = Pods_Scan_OCR_KTP.framework; sourceTree = BUILT_PRODUCTS_DIR; };
		C8B4663696C47CC999CA3CE1 /* Pods-Scan OCR KTP.release.xcconfig */ = {isa = PBXFileReference; includeInIndex = 1; lastKnownFileType = text.xcconfig; name = "Pods-Scan OCR KTP.release.xcconfig"; path = "Target Support Files/Pods-Scan OCR KTP/Pods-Scan OCR KTP.release.xcconfig"; sourceTree = "<group>"; };
		CB7B142D4DA383EFB4826DD5 /* Pods-Scan OCR KTP-Scan OCR KTPUITests.debug.xcconfig */ = {isa = PBXFileReference; includeInIndex = 1; lastKnownFileType = text.xcconfig; name = "Pods-Scan OCR KTP-Scan OCR KTPUITests.debug.xcconfig"; path = "Target Support Files/Pods-Scan OCR KTP-Scan OCR KTPUITests/Pods-Scan OCR KTP-Scan OCR KTPUITests.debug.xcconfig"; sourceTree = "<group>"; };
		D16490B73034B09F77E0BB25 /* Pods-Scan OCR KTPTests.debug.xcconfig */ = {isa = PBXFileReference; includeInIndex = 1; lastKnownFileType = text.xcconfig; name = "Pods-Scan OCR KTPTests.debug.xcconfig"; path = "Target Support Files/Pods-Scan OCR KTPTests/Pods-Scan OCR KTPTests.debug.xcconfig"; sourceTree = "<group>"; };
/* End PBXFileReference section */

/* Begin PBXFileSystemSynchronizedRootGroup section */
		849C777C2E8A24CD00CE1F48 /* App */ = {
			isa = PBXFileSystemSynchronizedRootGroup;
			exceptions = (
			);
			path = App;
			sourceTree = "<group>";
		};
		849C778B2E8A24CF00CE1F48 /* Tests */ = {
			isa = PBXFileSystemSynchronizedRootGroup;
			exceptions = (
			);
			path = Tests;
			sourceTree = "<group>";
		};
		849C77952E8A24CF00CE1F48 /* UITests */ = {
			isa = PBXFileSystemSynchronizedRootGroup;
			exceptions = (
			);
			path = UITests;
			sourceTree = "<group>";
		};
/* End PBXFileSystemSynchronizedRootGroup section */

/* Begin PBXFrameworksBuildPhase section */
		849C77772E8A24CD00CE1F48 /* Frameworks */ = {
			isa = PBXFrameworksBuildPhase;
			buildActionMask = 2147483647;
			files = (
				835E1D1454803E6764EBE5B7 /* Pods_Scan_OCR_KTP.framework in Frameworks */,
			);
			runOnlyForDeploymentPostprocessing = 0;
		};
		849C77852E8A24CF00CE1F48 /* Frameworks */ = {
			isa = PBXFrameworksBuildPhase;
			buildActionMask = 2147483647;
			files = (
				D6C62E6EAA4AF499363DCE07 /* Pods_Scan_OCR_KTPTests.framework in Frameworks */,
			);
			runOnlyForDeploymentPostprocessing = 0;
		};
		849C778F2E8A24CF00CE1F48 /* Frameworks */ = {
			isa = PBXFrameworksBuildPhase;
			buildActionMask = 2147483647;
			files = (
				FEB204ED9FF6874FA8517D52 /* Pods_Scan_OCR_KTP_Scan_OCR_KTPUITests.framework in Frameworks */,
			);
			runOnlyForDeploymentPostprocessing = 0;
		};
/* End PBXFrameworksBuildPhase section */

/* Begin PBXGroup section */
		849C77712E8A24CD00CE1F48 = {
			isa = PBXGroup;
			children = (
				849C777C2E8A24CD00CE1F48 /* App */,
				849C778B2E8A24CF00CE1F48 /* Tests */,
				849C77952E8A24CF00CE1F48 /* UITests */,
				849C777B2E8A24CD00CE1F48 /* Products */,
				B3FD287308718A2A230616A1 /* Pods */,
				F57C4D1C4169CF4608118E9B /* Frameworks */,
			);
			sourceTree = "<group>";
		};
		849C777B2E8A24CD00CE1F48 /* Products */ = {
			isa = PBXGroup;
			children = (
				849C777A2E8A24CD00CE1F48 /* Scan OCR KTP.app */,
				849C77882E8A24CF00CE1F48 /* Scan OCR KTPTests.xctest */,
				849C77922E8A24CF00CE1F48 /* Scan OCR KTPUITests.xctest */,
			);
			name = Products;
			sourceTree = "<group>";
		};
		B3FD287308718A2A230616A1 /* Pods */ = {
			isa = PBXGroup;
			children = (
				0826FCAEEB31536ACCB90E7A /* Pods-Scan OCR KTP.debug.xcconfig */,
				C8B4663696C47CC999CA3CE1 /* Pods-Scan OCR KTP.release.xcconfig */,
				CB7B142D4DA383EFB4826DD5 /* Pods-Scan OCR KTP-Scan OCR KTPUITests.debug.xcconfig */,
				491C2FA6E20CFEE58BBB97CF /* Pods-Scan OCR KTP-Scan OCR KTPUITests.release.xcconfig */,
				D16490B73034B09F77E0BB25 /* Pods-Scan OCR KTPTests.debug.xcconfig */,
				40094AD66AC378713DFCF2EA /* Pods-Scan OCR KTPTests.release.xcconfig */,
			);
			path = Pods;
			sourceTree = "<group>";
		};
		F57C4D1C4169CF4608118E9B /* Frameworks */ = {
			isa = PBXGroup;
			children = (
				C59574BC1A17A6A641F15F9E /* Pods_Scan_OCR_KTP.framework */,
				54AE5E8450DC45CD031A0F28 /* Pods_Scan_OCR_KTP_Scan_OCR_KTPUITests.framework */,
				522737117ECFA5510BF25CB2 /* Pods_Scan_OCR_KTPTests.framework */,
			);
			name = Frameworks;
			sourceTree = "<group>";
		};
/* End PBXGroup section */

/* Begin PBXNativeTarget section */
		849C77792E8A24CD00CE1F48 /* Scan OCR KTP */ = {
			isa = PBXNativeTarget;
			buildConfigurationList = 849C779C2E8A24CF00CE1F48 /* Build configuration list for PBXNativeTarget "Scan OCR KTP" */;
			buildPhases = (
				A262F61062C74E52DD47C978 /* [CP] Check Pods Manifest.lock */,
				849C77762E8A24CD00CE1F48 /* Sources */,
				849C77772E8A24CD00CE1F48 /* Frameworks */,
				849C77782E8A24CD00CE1F48 /* Resources */,
				E827C3E1E913CFD9B784B81F /* [CP] Embed Pods Frameworks */,
				CB8C37EE0F818BAA073083FE /* [CP] Copy Pods Resources */,
			);
			buildRules = (
			);
			dependencies = (
			);
			fileSystemSynchronizedGroups = (
				849C777C2E8A24CD00CE1F48 /* App */,
			);
			name = "Scan OCR KTP";
			productName = "Scan OCR KTP";
			productReference = 849C777A2E8A24CD00CE1F48 /* Scan OCR KTP.app */;
			productType = "com.apple.product-type.application";
		};
		849C77872E8A24CF00CE1F48 /* Scan OCR KTPTests */ = {
			isa = PBXNativeTarget;
			buildConfigurationList = 849C779F2E8A24CF00CE1F48 /* Build configuration list for PBXNativeTarget "Scan OCR KTPTests" */;
			buildPhases = (
				B620CEDEC1A2DBC4D5ABD3B1 /* [CP] Check Pods Manifest.lock */,
				849C77842E8A24CF00CE1F48 /* Sources */,
				849C77852E8A24CF00CE1F48 /* Frameworks */,
				849C77862E8A24CF00CE1F48 /* Resources */,
			);
			buildRules = (
			);
			dependencies = (
				849C778A2E8A24CF00CE1F48 /* PBXTargetDependency */,
			);
			fileSystemSynchronizedGroups = (
				849C778B2E8A24CF00CE1F48 /* Tests */,
			);
			name = "Scan OCR KTPTests";
			productName = "Scan OCR KTPTests";
			productReference = 849C77882E8A24CF00CE1F48 /* Scan OCR KTPTests.xctest */;
			productType = "com.apple.product-type.bundle.unit-test";
		};
		849C77912E8A24CF00CE1F48 /* Scan OCR KTPUITests */ = {
			isa = PBXNativeTarget;
			buildConfigurationList = 849C77A22E8A24CF00CE1F48 /* Build configuration list for PBXNativeTarget "Scan OCR KTPUITests" */;
			buildPhases = (
				A02C901016F7482EE5B094AE /* [CP] Check Pods Manifest.lock */,
				849C778E2E8A24CF00CE1F48 /* Sources */,
				849C778F2E8A24CF00CE1F48 /* Frameworks */,
				849C77902E8A24CF00CE1F48 /* Resources */,
				13FC6E18A316AB9EF23B1B03 /* [CP] Embed Pods Frameworks */,
				7D627DA27BD6C98DA5BCC54D /* [CP] Copy Pods Resources */,
			);
			buildRules = (
			);
			dependencies = (
				849C77942E8A24CF00CE1F48 /* PBXTargetDependency */,
			);
			fileSystemSynchronizedGroups = (
				849C77952E8A24CF00CE1F48 /* UITests */,
			);
			name = "Scan OCR KTPUITests";
			productName = "Scan OCR KTPUITests";
			productReference = 849C77922E8A24CF00CE1F48 /* Scan OCR KTPUITests.xctest */;
			productType = "com.apple.product-type.bundle.ui-testing";
		};
/* End PBXNativeTarget section */

/* Begin PBXProject section */
		849C77722E8A24CD00CE1F48 /* Project object */ = {
			isa = PBXProject;
			attributes = {
				BuildIndependentTargetsInParallel = 1;
				LastSwiftUpdateCheck = 1640;
				LastUpgradeCheck = 1640;
				TargetAttributes = {
					849C77792E8A24CD00CE1F48 = {
						CreatedOnToolsVersion = 16.4;
					};
					849C77872E8A24CF00CE1F48 = {
						CreatedOnToolsVersion = 16.4;
						TestTargetID = 849C77792E8A24CD00CE1F48;
					};
					849C77912E8A24CF00CE1F48 = {
						CreatedOnToolsVersion = 16.4;
						TestTargetID = 849C77792E8A24CD00CE1F48;
					};
				};
			};
			buildConfigurationList = 849C77752E8A24CD00CE1F48 /* Build configuration list for PBXProject "Scan OCR KTP" */;
			developmentRegion = en;
			hasScannedForEncodings = 0;
			knownRegions = (
				en,
				Base,
			);
			mainGroup = 849C77712E8A24CD00CE1F48;
			minimizedProjectReferenceProxies = 1;
			preferredProjectObjectVersion = 77;
			productRefGroup = 849C777B2E8A24CD00CE1F48 /* Products */;
			projectDirPath = "";
			projectRoot = "";
			targets = (
				849C77792E8A24CD00CE1F48 /* Scan OCR KTP */,
				849C77872E8A24CF00CE1F48 /* Scan OCR KTPTests */,
				849C77912E8A24CF00CE1F48 /* Scan OCR KTPUITests */,
			);
		};
/* End PBXProject section */

/* Begin PBXResourcesBuildPhase section */
		849C77782E8A24CD00CE1F48 /* Resources */ = {
			isa = PBXResourcesBuildPhase;
			buildActionMask = 2147483647;
			files = (
			);
			runOnlyForDeploymentPostprocessing = 0;
		};
		849C77862E8A24CF00CE1F48 /* Resources */ = {
			isa = PBXResourcesBuildPhase;
			buildActionMask = 2147483647;
			files = (
			);
			runOnlyForDeploymentPostprocessing = 0;
		};
		849C77902E8A24CF00CE1F48 /* Resources */ = {
			isa = PBXResourcesBuildPhase;
			buildActionMask = 2147483647;
			files = (
			);
			runOnlyForDeploymentPostprocessing = 0;
		};
/* End PBXResourcesBuildPhase section */

/* Begin PBXShellScriptBuildPhase section */
		13FC6E18A316AB9EF23B1B03 /* [CP] Embed Pods Frameworks */ = {
			isa = PBXShellScriptBuildPhase;
			buildActionMask = 2147483647;
			files = (
			);
			inputFileListPaths = (
				"${PODS_ROOT}/Target Support Files/Pods-Scan OCR KTP-Scan OCR KTPUITests/Pods-Scan OCR KTP-Scan OCR KTPUITests-frameworks-${CONFIGURATION}-input-files.xcfilelist",
			);
			name = "[CP] Embed Pods Frameworks";
			outputFileListPaths = (
				"${PODS_ROOT}/Target Support Files/Pods-Scan OCR KTP-Scan OCR KTPUITests/Pods-Scan OCR KTP-Scan OCR KTPUITests-frameworks-${CONFIGURATION}-output-files.xcfilelist",
			);
			runOnlyForDeploymentPostprocessing = 0;
			shellPath = /bin/sh;
			shellScript = "\"${PODS_ROOT}/Target Support Files/Pods-Scan OCR KTP-Scan OCR KTPUITests/Pods-Scan OCR KTP-Scan OCR KTPUITests-frameworks.sh\"\n";
			showEnvVarsInLog = 0;
		};
		7D627DA27BD6C98DA5BCC54D /* [CP] Copy Pods Resources */ = {
			isa = PBXShellScriptBuildPhase;
			buildActionMask = 2147483647;
			files = (
			);
			inputFileListPaths = (
				"${PODS_ROOT}/Target Support Files/Pods-Scan OCR KTP-Scan OCR KTPUITests/Pods-Scan OCR KTP-Scan OCR KTPUITests-resources-${CONFIGURATION}-input-files.xcfilelist",
			);
			name = "[CP] Copy Pods Resources";
			outputFileListPaths = (
				"${PODS_ROOT}/Target Support Files/Pods-Scan OCR KTP-Scan OCR KTPUITests/Pods-Scan OCR KTP-Scan OCR KTPUITests-resources-${CONFIGURATION}-output-files.xcfilelist",
			);
			runOnlyForDeploymentPostprocessing = 0;
			shellPath = /bin/sh;
			shellScript = "\"${PODS_ROOT}/Target Support Files/Pods-Scan OCR KTP-Scan OCR KTPUITests/Pods-Scan OCR KTP-Scan OCR KTPUITests-resources.sh\"\n";
			showEnvVarsInLog = 0;
		};
		A02C901016F7482EE5B094AE /* [CP] Check Pods Manifest.lock */ = {
			isa = PBXShellScriptBuildPhase;
			buildActionMask = 2147483647;
			files = (
			);
			inputFileListPaths = (
			);
			inputPaths = (
				"${PODS_PODFILE_DIR_PATH}/Podfile.lock",
				"${PODS_ROOT}/Manifest.lock",
			);
			name = "[CP] Check Pods Manifest.lock";
			outputFileListPaths = (
			);
			outputPaths = (
				"$(DERIVED_FILE_DIR)/Pods-Scan OCR KTP-Scan OCR KTPUITests-checkManifestLockResult.txt",
			);
			runOnlyForDeploymentPostprocessing = 0;
			shellPath = /bin/sh;
			shellScript = "diff \"${PODS_PODFILE_DIR_PATH}/Podfile.lock\" \"${PODS_ROOT}/Manifest.lock\" > /dev/null\nif [ $? != 0 ] ; then\n    # print error to STDERR\n    echo \"error: The sandbox is not in sync with the Podfile.lock. Run 'pod install' or update your CocoaPods installation.\" >&2\n    exit 1\nfi\n# This output is used by Xcode 'outputs' to avoid re-running this script phase.\necho \"SUCCESS\" > \"${SCRIPT_OUTPUT_FILE_0}\"\n";
			showEnvVarsInLog = 0;
		};
		A262F61062C74E52DD47C978 /* [CP] Check Pods Manifest.lock */ = {
			isa = PBXShellScriptBuildPhase;
			buildActionMask = 2147483647;
			files = (
			);
			inputFileListPaths = (
			);
			inputPaths = (
				"${PODS_PODFILE_DIR_PATH}/Podfile.lock",
				"${PODS_ROOT}/Manifest.lock",
			);
			name = "[CP] Check Pods Manifest.lock";
			outputFileListPaths = (
			);
			outputPaths = (
				"$(DERIVED_FILE_DIR)/Pods-Scan OCR KTP-checkManifestLockResult.txt",
			);
			runOnlyForDeploymentPostprocessing = 0;
			shellPath = /bin/sh;
			shellScript = "diff \"${PODS_PODFILE_DIR_PATH}/Podfile.lock\" \"${PODS_ROOT}/Manifest.lock\" > /dev/null\nif [ $? != 0 ] ; then\n    # print error to STDERR\n    echo \"error: The sandbox is not in sync with the Podfile.lock. Run 'pod install' or update your CocoaPods installation.\" >&2\n    exit 1\nfi\n# This output is used by Xcode 'outputs' to avoid re-running this script phase.\necho \"SUCCESS\" > \"${SCRIPT_OUTPUT_FILE_0}\"\n";
			showEnvVarsInLog = 0;
		};
		B620CEDEC1A2DBC4D5ABD3B1 /* [CP] Check Pods Manifest.lock */ = {
			isa = PBXShellScriptBuildPhase;
			buildActionMask = 2147483647;
			files = (
			);
			inputFileListPaths = (
			);
			inputPaths = (
				"${PODS_PODFILE_DIR_PATH}/Podfile.lock",
				"${PODS_ROOT}/Manifest.lock",
			);
			name = "[CP] Check Pods Manifest.lock";
			outputFileListPaths = (
			);
			outputPaths = (
				"$(DERIVED_FILE_DIR)/Pods-Scan OCR KTPTests-checkManifestLockResult.txt",
			);
			runOnlyForDeploymentPostprocessing = 0;
			shellPath = /bin/sh;
			shellScript = "diff \"${PODS_PODFILE_DIR_PATH}/Podfile.lock\" \"${PODS_ROOT}/Manifest.lock\" > /dev/null\nif [ $? != 0 ] ; then\n    # print error to STDERR\n    echo \"error: The sandbox is not in sync with the Podfile.lock. Run 'pod install' or update your CocoaPods installation.\" >&2\n    exit 1\nfi\n# This output is used by Xcode 'outputs' to avoid re-running this script phase.\necho \"SUCCESS\" > \"${SCRIPT_OUTPUT_FILE_0}\"\n";
			showEnvVarsInLog = 0;
		};
		CB8C37EE0F818BAA073083FE /* [CP] Copy Pods Resources */ = {
			isa = PBXShellScriptBuildPhase;
			buildActionMask = 2147483647;
			files = (
			);
			inputFileListPaths = (
				"${PODS_ROOT}/Target Support Files/Pods-Scan OCR KTP/Pods-Scan OCR KTP-resources-${CONFIGURATION}-input-files.xcfilelist",
			);
			name = "[CP] Copy Pods Resources";
			outputFileListPaths = (
				"${PODS_ROOT}/Target Support Files/Pods-Scan OCR KTP/Pods-Scan OCR KTP-resources-${CONFIGURATION}-output-files.xcfilelist",
			);
			runOnlyForDeploymentPostprocessing = 0;
			shellPath = /bin/sh;
			shellScript = "\"${PODS_ROOT}/Target Support Files/Pods-Scan OCR KTP/Pods-Scan OCR KTP-resources.sh\"\n";
			showEnvVarsInLog = 0;
		};
		E827C3E1E913CFD9B784B81F /* [CP] Embed Pods Frameworks */ = {
			isa = PBXShellScriptBuildPhase;
			buildActionMask = 2147483647;
			files = (
			);
			inputFileListPaths = (
				"${PODS_ROOT}/Target Support Files/Pods-Scan OCR KTP/Pods-Scan OCR KTP-frameworks-${CONFIGURATION}-input-files.xcfilelist",
			);
			name = "[CP] Embed Pods Frameworks";
			outputFileListPaths = (
				"${PODS_ROOT}/Target Support Files/Pods-Scan OCR KTP/Pods-Scan OCR KTP-frameworks-${CONFIGURATION}-output-files.xcfilelist",
			);
			runOnlyForDeploymentPostprocessing = 0;
			shellPath = /bin/sh;
			shellScript = "\"${PODS_ROOT}/Target Support Files/Pods-Scan OCR KTP/Pods-Scan OCR KTP-frameworks.sh\"\n";
			showEnvVarsInLog = 0;
		};
/* End PBXShellScriptBuildPhase section */

/* Begin PBXSourcesBuildPhase section */
		849C77762E8A24CD00CE1F48 /* Sources */ = {
			isa = PBXSourcesBuildPhase;
			buildActionMask = 2147483647;
			files = (
			);
			runOnlyForDeploymentPostprocessing = 0;
		};
		849C77842E8A24CF00CE1F48 /* Sources */ = {
			isa = PBXSourcesBuildPhase;
			buildActionMask = 2147483647;
			files = (
			);
			runOnlyForDeploymentPostprocessing = 0;
		};
		849C778E2E8A24CF00CE1F48 /* Sources */ = {
			isa = PBXSourcesBuildPhase;
			buildActionMask = 2147483647;
			files = (
			);
			runOnlyForDeploymentPostprocessing = 0;
		};
/* End PBXSourcesBuildPhase section */

/* Begin PBXTargetDependency section */
		849C778A2E8A24CF00CE1F48 /* PBXTargetDependency */ = {
			isa = PBXTargetDependency;
			target = 849C77792E8A24CD00CE1F48 /* Scan OCR KTP */;
			targetProxy = 849C77892E8A24CF00CE1F48 /* PBXContainerItemProxy */;
		};
		849C77942E8A24CF00CE1F48 /* PBXTargetDependency */ = {
			isa = PBXTargetDependency;
			target = 849C77792E8A24CD00CE1F48 /* Scan OCR KTP */;
			targetProxy = 849C77932E8A24CF00CE1F48 /* PBXContainerItemProxy */;
		};
/* End PBXTargetDependency section */

/* Begin XCBuildConfiguration section */
		849C779A2E8A24CF00CE1F48 /* Debug */ = {
			isa = XCBuildConfiguration;
			buildSettings = {
				ALWAYS_SEARCH_USER_PATHS = NO;
				ASSETCATALOG_COMPILER_GENERATE_SWIFT_ASSET_SYMBOL_EXTENSIONS = YES;
				CLANG_ANALYZER_NONNULL = YES;
				CLANG_ANALYZER_NUMBER_OBJECT_CONVERSION = YES_AGGRESSIVE;
				CLANG_CXX_LANGUAGE_STANDARD = "gnu++20";
				CLANG_ENABLE_MODULES = YES;
				CLANG_ENABLE_OBJC_ARC = YES;
				CLANG_ENABLE_OBJC_WEAK = YES;
				CLANG_WARN_BLOCK_CAPTURE_AUTORELEASING = YES;
				CLANG_WARN_BOOL_CONVERSION = YES;
				CLANG_WARN_COMMA = YES;
				CLANG_WARN_CONSTANT_CONVERSION = YES;
				CLANG_WARN_DEPRECATED_OBJC_IMPLEMENTATIONS = YES;
				CLANG_WARN_DIRECT_OBJC_ISA_USAGE = YES_ERROR;
				CLANG_WARN_DOCUMENTATION_COMMENTS = YES;
				CLANG_WARN_EMPTY_BODY = YES;
				CLANG_WARN_ENUM_CONVERSION = YES;
				CLANG_WARN_INFINITE_RECURSION = YES;
				CLANG_WARN_INT_CONVERSION = YES;
				CLANG_WARN_NON_LITERAL_NULL_CONVERSION = YES;
				CLANG_WARN_OBJC_IMPLICIT_RETAIN_SELF = YES;
				CLANG_WARN_OBJC_LITERAL_CONVERSION = YES;
				CLANG_WARN_OBJC_ROOT_CLASS = YES_ERROR;
				CLANG_WARN_QUOTED_INCLUDE_IN_FRAMEWORK_HEADER = YES;
				CLANG_WARN_RANGE_LOOP_ANALYSIS = YES;
				CLANG_WARN_STRICT_PROTOTYPES = YES;
				CLANG_WARN_SUSPICIOUS_MOVE = YES;
				CLANG_WARN_UNGUARDED_AVAILABILITY = YES_AGGRESSIVE;
				CLANG_WARN_UNREACHABLE_CODE = YES;
				CLANG_WARN__DUPLICATE_METHOD_MATCH = YES;
				COPY_PHASE_STRIP = NO;
				DEBUG_INFORMATION_FORMAT = dwarf;
				DEVELOPMENT_TEAM = 6LKBYRNM9Y;
				ENABLE_STRICT_OBJC_MSGSEND = YES;
				ENABLE_TESTABILITY = YES;
				ENABLE_USER_SCRIPT_SANDBOXING = NO;
				GCC_C_LANGUAGE_STANDARD = gnu17;
				GCC_DYNAMIC_NO_PIC = NO;
				GCC_NO_COMMON_BLOCKS = YES;
				GCC_OPTIMIZATION_LEVEL = 0;
				GCC_PREPROCESSOR_DEFINITIONS = (
					"DEBUG=1",
					"$(inherited)",
				);
				GCC_WARN_64_TO_32_BIT_CONVERSION = YES;
				GCC_WARN_ABOUT_RETURN_TYPE = YES_ERROR;
				GCC_WARN_UNDECLARED_SELECTOR = YES;
				GCC_WARN_UNINITIALIZED_AUTOS = YES_AGGRESSIVE;
				GCC_WARN_UNUSED_FUNCTION = YES;
				GCC_WARN_UNUSED_VARIABLE = YES;
				LOCALIZATION_PREFERS_STRING_CATALOGS = YES;
				MTL_ENABLE_DEBUG_INFO = INCLUDE_SOURCE;
				MTL_FAST_MATH = YES;
				ONLY_ACTIVE_ARCH = YES;
				SWIFT_ACTIVE_COMPILATION_CONDITIONS = "DEBUG $(inherited)";
				SWIFT_OPTIMIZATION_LEVEL = "-Onone";
			};
			name = Debug;
		};
		849C779B2E8A24CF00CE1F48 /* Release */ = {
			isa = XCBuildConfiguration;
			buildSettings = {
				ALWAYS_SEARCH_USER_PATHS = NO;
				ASSETCATALOG_COMPILER_GENERATE_SWIFT_ASSET_SYMBOL_EXTENSIONS = YES;
				CLANG_ANALYZER_NONNULL = YES;
				CLANG_ANALYZER_NUMBER_OBJECT_CONVERSION = YES_AGGRESSIVE;
				CLANG_CXX_LANGUAGE_STANDARD = "gnu++20";
				CLANG_ENABLE_MODULES = YES;
				CLANG_ENABLE_OBJC_ARC = YES;
				CLANG_ENABLE_OBJC_WEAK = YES;
				CLANG_WARN_BLOCK_CAPTURE_AUTORELEASING = YES;
				CLANG_WARN_BOOL_CONVERSION = YES;
				CLANG_WARN_COMMA = YES;
				CLANG_WARN_CONSTANT_CONVERSION = YES;
				CLANG_WARN_DEPRECATED_OBJC_IMPLEMENTATIONS = YES;
				CLANG_WARN_DIRECT_OBJC_ISA_USAGE = YES_ERROR;
				CLANG_WARN_DOCUMENTATION_COMMENTS = YES;
				CLANG_WARN_EMPTY_BODY = YES;
				CLANG_WARN_ENUM_CONVERSION = YES;
				CLANG_WARN_INFINITE_RECURSION = YES;
				CLANG_WARN_INT_CONVERSION = YES;
				CLANG_WARN_NON_LITERAL_NULL_CONVERSION = YES;
				CLANG_WARN_OBJC_IMPLICIT_RETAIN_SELF = YES;
				CLANG_WARN_OBJC_LITERAL_CONVERSION = YES;
				CLANG_WARN_OBJC_ROOT_CLASS = YES_ERROR;
				CLANG_WARN_QUOTED_INCLUDE_IN_FRAMEWORK_HEADER = YES;
				CLANG_WARN_RANGE_LOOP_ANALYSIS = YES;
				CLANG_WARN_STRICT_PROTOTYPES = YES;
				CLANG_WARN_SUSPICIOUS_MOVE = YES;
				CLANG_WARN_UNGUARDED_AVAILABILITY = YES_AGGRESSIVE;
				CLANG_WARN_UNREACHABLE_CODE = YES;
				CLANG_WARN__DUPLICATE_METHOD_MATCH = YES;
				COPY_PHASE_STRIP = NO;
				DEBUG_INFORMATION_FORMAT = "dwarf-with-dsym";
				DEVELOPMENT_TEAM = 6LKBYRNM9Y;
				ENABLE_NS_ASSERTIONS = NO;
				ENABLE_STRICT_OBJC_MSGSEND = YES;
				ENABLE_USER_SCRIPT_SANDBOXING = NO;
				GCC_C_LANGUAGE_STANDARD = gnu17;
				GCC_NO_COMMON_BLOCKS = YES;
				GCC_WARN_64_TO_32_BIT_CONVERSION = YES;
				GCC_WARN_ABOUT_RETURN_TYPE = YES_ERROR;
				GCC_WARN_UNDECLARED_SELECTOR = YES;
				GCC_WARN_UNINITIALIZED_AUTOS = YES_AGGRESSIVE;
				GCC_WARN_UNUSED_FUNCTION = YES;
				GCC_WARN_UNUSED_VARIABLE = YES;
				LOCALIZATION_PREFERS_STRING_CATALOGS = YES;
				MTL_ENABLE_DEBUG_INFO = NO;
				MTL_FAST_MATH = YES;
				SWIFT_COMPILATION_MODE = wholemodule;
			};
			name = Release;
		};
		849C779D2E8A24CF00CE1F48 /* Debug */ = {
			isa = XCBuildConfiguration;
			baseConfigurationReference = 0826FCAEEB31536ACCB90E7A /* Pods-Scan OCR KTP.debug.xcconfig */;
			buildSettings = {
				ASSETCATALOG_COMPILER_APPICON_NAME = AppIcon;
				ASSETCATALOG_COMPILER_GLOBAL_ACCENT_COLOR_NAME = AccentColor;
				CODE_SIGN_ENTITLEMENTS = App/App.entitlements;
				CODE_SIGN_STYLE = Automatic;
				CURRENT_PROJECT_VERSION = 1;
				DEVELOPMENT_TEAM = 6LKBYRNM9Y;
				ENABLE_HARDENED_RUNTIME = YES;
				ENABLE_PREVIEWS = YES;
				"EXCLUDED_ARCHS[sdk=iphonesimulator*]" = x86_64;
				"EXCLUDED_ARCHS[sdk=xrsimulator*]" = x86_64;
				GENERATE_INFOPLIST_FILE = YES;
				INFOPLIST_KEY_NSCameraUsageDescription = "This app needs camera access to scan KTP documents";
				INFOPLIST_KEY_NSPhotoLibraryUsageDescription = "This app needs photo library access to select KTP images for scanning";
				"INFOPLIST_KEY_UIApplicationSceneManifest_Generation[sdk=iphoneos*]" = YES;
				"INFOPLIST_KEY_UIApplicationSceneManifest_Generation[sdk=iphonesimulator*]" = YES;
				"INFOPLIST_KEY_UIApplicationSupportsIndirectInputEvents[sdk=iphoneos*]" = YES;
				"INFOPLIST_KEY_UIApplicationSupportsIndirectInputEvents[sdk=iphonesimulator*]" = YES;
				"INFOPLIST_KEY_UILaunchScreen_Generation[sdk=iphoneos*]" = YES;
				"INFOPLIST_KEY_UILaunchScreen_Generation[sdk=iphonesimulator*]" = YES;
				"INFOPLIST_KEY_UIStatusBarStyle[sdk=iphoneos*]" = UIStatusBarStyleDefault;
				"INFOPLIST_KEY_UIStatusBarStyle[sdk=iphonesimulator*]" = UIStatusBarStyleDefault;
				INFOPLIST_KEY_UISupportedInterfaceOrientations_iPad = "UIInterfaceOrientationPortrait UIInterfaceOrientationPortraitUpsideDown UIInterfaceOrientationLandscapeLeft UIInterfaceOrientationLandscapeRight";
				INFOPLIST_KEY_UISupportedInterfaceOrientations_iPhone = "UIInterfaceOrientationPortrait UIInterfaceOrientationLandscapeLeft UIInterfaceOrientationLandscapeRight";
				IPHONEOS_DEPLOYMENT_TARGET = 18.5;
				LD_RUNPATH_SEARCH_PATHS = "@executable_path/Frameworks";
				"LD_RUNPATH_SEARCH_PATHS[sdk=macosx*]" = "@executable_path/../Frameworks";
				MACOSX_DEPLOYMENT_TARGET = 15.5;
				MARKETING_VERSION = 1.0;
				PRODUCT_BUNDLE_IDENTIFIER = com.diki.scan.ocr.ktp;
				PRODUCT_NAME = "$(TARGET_NAME)";
				REGISTER_APP_GROUPS = YES;
				SDKROOT = auto;
				SUPPORTED_PLATFORMS = "iphoneos iphonesimulator";
				SWIFT_EMIT_LOC_STRINGS = YES;
				SWIFT_VERSION = 5.0;
				TARGETED_DEVICE_FAMILY = "1,2,7";
				XROS_DEPLOYMENT_TARGET = 2.5;
			};
			name = Debug;
		};
		849C779E2E8A24CF00CE1F48 /* Release */ = {
			isa = XCBuildConfiguration;
			baseConfigurationReference = C8B4663696C47CC999CA3CE1 /* Pods-Scan OCR KTP.release.xcconfig */;
			buildSettings = {
				ASSETCATALOG_COMPILER_APPICON_NAME = AppIcon;
				ASSETCATALOG_COMPILER_GLOBAL_ACCENT_COLOR_NAME = AccentColor;
				CODE_SIGN_ENTITLEMENTS = App/App.entitlements;
				CODE_SIGN_STYLE = Automatic;
				CURRENT_PROJECT_VERSION = 1;
				DEVELOPMENT_TEAM = 6LKBYRNM9Y;
				ENABLE_HARDENED_RUNTIME = YES;
				ENABLE_PREVIEWS = YES;
				"EXCLUDED_ARCHS[sdk=iphonesimulator*]" = x86_64;
				"EXCLUDED_ARCHS[sdk=xrsimulator*]" = x86_64;
				GENERATE_INFOPLIST_FILE = YES;
				INFOPLIST_KEY_NSCameraUsageDescription = "This app needs camera access to scan KTP documents";
				INFOPLIST_KEY_NSPhotoLibraryUsageDescription = "This app needs photo library access to select KTP images for scanning";
				"INFOPLIST_KEY_UIApplicationSceneManifest_Generation[sdk=iphoneos*]" = YES;
				"INFOPLIST_KEY_UIApplicationSceneManifest_Generation[sdk=iphonesimulator*]" = YES;
				"INFOPLIST_KEY_UIApplicationSupportsIndirectInputEvents[sdk=iphoneos*]" = YES;
				"INFOPLIST_KEY_UIApplicationSupportsIndirectInputEvents[sdk=iphonesimulator*]" = YES;
				"INFOPLIST_KEY_UILaunchScreen_Generation[sdk=iphoneos*]" = YES;
				"INFOPLIST_KEY_UILaunchScreen_Generation[sdk=iphonesimulator*]" = YES;
				"INFOPLIST_KEY_UIStatusBarStyle[sdk=iphoneos*]" = UIStatusBarStyleDefault;
				"INFOPLIST_KEY_UIStatusBarStyle[sdk=iphonesimulator*]" = UIStatusBarStyleDefault;
				INFOPLIST_KEY_UISupportedInterfaceOrientations_iPad = "UIInterfaceOrientationPortrait UIInterfaceOrientationPortraitUpsideDown UIInterfaceOrientationLandscapeLeft UIInterfaceOrientationLandscapeRight";
				INFOPLIST_KEY_UISupportedInterfaceOrientations_iPhone = "UIInterfaceOrientationPortrait UIInterfaceOrientationLandscapeLeft UIInterfaceOrientationLandscapeRight";
				IPHONEOS_DEPLOYMENT_TARGET = 18.5;
				LD_RUNPATH_SEARCH_PATHS = "@executable_path/Frameworks";
				"LD_RUNPATH_SEARCH_PATHS[sdk=macosx*]" = "@executable_path/../Frameworks";
				MACOSX_DEPLOYMENT_TARGET = 15.5;
				MARKETING_VERSION = 1.0;
				PRODUCT_BUNDLE_IDENTIFIER = com.diki.scan.ocr.ktp;
				PRODUCT_NAME = "$(TARGET_NAME)";
				REGISTER_APP_GROUPS = YES;
				SDKROOT = auto;
				SUPPORTED_PLATFORMS = "iphoneos iphonesimulator";
				SWIFT_EMIT_LOC_STRINGS = YES;
				SWIFT_VERSION = 5.0;
				TARGETED_DEVICE_FAMILY = "1,2,7";
				XROS_DEPLOYMENT_TARGET = 2.5;
			};
			name = Release;
		};
		849C77A02E8A24CF00CE1F48 /* Debug */ = {
			isa = XCBuildConfiguration;
			baseConfigurationReference = D16490B73034B09F77E0BB25 /* Pods-Scan OCR KTPTests.debug.xcconfig */;
			buildSettings = {
				BUNDLE_LOADER = "$(TEST_HOST)";
				CODE_SIGN_STYLE = Automatic;
				CURRENT_PROJECT_VERSION = 1;
				DEVELOPMENT_TEAM = 6LKBYRNM9Y;
				GENERATE_INFOPLIST_FILE = YES;
				IPHONEOS_DEPLOYMENT_TARGET = 18.5;
				MACOSX_DEPLOYMENT_TARGET = 15.5;
				MARKETING_VERSION = 1.0;
				PRODUCT_BUNDLE_IDENTIFIER = com.diki.scan.ocr.ktp.tests;
				PRODUCT_NAME = "$(TARGET_NAME)";
				SDKROOT = auto;
				SUPPORTED_PLATFORMS = "iphoneos iphonesimulator";
				SWIFT_EMIT_LOC_STRINGS = NO;
				SWIFT_VERSION = 5.0;
				TARGETED_DEVICE_FAMILY = "1,2,7";
				TEST_HOST = "$(BUILT_PRODUCTS_DIR)/Scan OCR KTP.app/$(BUNDLE_EXECUTABLE_FOLDER_PATH)/Scan OCR KTP";
				XROS_DEPLOYMENT_TARGET = 2.5;
			};
			name = Debug;
		};
		849C77A12E8A24CF00CE1F48 /* Release */ = {
			isa = XCBuildConfiguration;
			baseConfigurationReference = 40094AD66AC378713DFCF2EA /* Pods-Scan OCR KTPTests.release.xcconfig */;
			buildSettings = {
				BUNDLE_LOADER = "$(TEST_HOST)";
				CODE_SIGN_STYLE = Automatic;
				CURRENT_PROJECT_VERSION = 1;
				DEVELOPMENT_TEAM = 6LKBYRNM9Y;
				GENERATE_INFOPLIST_FILE = YES;
				IPHONEOS_DEPLOYMENT_TARGET = 18.5;
				MACOSX_DEPLOYMENT_TARGET = 15.5;
				MARKETING_VERSION = 1.0;
				PRODUCT_BUNDLE_IDENTIFIER = com.diki.scan.ocr.ktp.tests;
				PRODUCT_NAME = "$(TARGET_NAME)";
				SDKROOT = auto;
				SUPPORTED_PLATFORMS = "iphoneos iphonesimulator";
				SWIFT_EMIT_LOC_STRINGS = NO;
				SWIFT_VERSION = 5.0;
				TARGETED_DEVICE_FAMILY = "1,2,7";
				TEST_HOST = "$(BUILT_PRODUCTS_DIR)/Scan OCR KTP.app/$(BUNDLE_EXECUTABLE_FOLDER_PATH)/Scan OCR KTP";
				XROS_DEPLOYMENT_TARGET = 2.5;
			};
			name = Release;
		};
		849C77A32E8A24CF00CE1F48 /* Debug */ = {
			isa = XCBuildConfiguration;
			baseConfigurationReference = CB7B142D4DA383EFB4826DD5 /* Pods-Scan OCR KTP-Scan OCR KTPUITests.debug.xcconfig */;
			buildSettings = {
				CODE_SIGN_STYLE = Automatic;
				CURRENT_PROJECT_VERSION = 1;
				DEVELOPMENT_TEAM = 6LKBYRNM9Y;
				GENERATE_INFOPLIST_FILE = YES;
				IPHONEOS_DEPLOYMENT_TARGET = 18.5;
				MACOSX_DEPLOYMENT_TARGET = 15.5;
				MARKETING_VERSION = 1.0;
				PRODUCT_BUNDLE_IDENTIFIER = com.diki.scan.ocr.ktp.uitests;
				PRODUCT_NAME = "$(TARGET_NAME)";
				SDKROOT = auto;
				SUPPORTED_PLATFORMS = "iphoneos iphonesimulator";
				SWIFT_EMIT_LOC_STRINGS = NO;
				SWIFT_VERSION = 5.0;
				TARGETED_DEVICE_FAMILY = "1,2,7";
				TEST_TARGET_NAME = "Scan OCR KTP";
				XROS_DEPLOYMENT_TARGET = 2.5;
			};
			name = Debug;
		};
		849C77A42E8A24CF00CE1F48 /* Release */ = {
			isa = XCBuildConfiguration;
			baseConfigurationReference = 491C2FA6E20CFEE58BBB97CF /* Pods-Scan OCR KTP-Scan OCR KTPUITests.release.xcconfig */;
			buildSettings = {
				CODE_SIGN_STYLE = Automatic;
				CURRENT_PROJECT_VERSION = 1;
				DEVELOPMENT_TEAM = 6LKBYRNM9Y;
				GENERATE_INFOPLIST_FILE = YES;
				IPHONEOS_DEPLOYMENT_TARGET = 18.5;
				MACOSX_DEPLOYMENT_TARGET = 15.5;
				MARKETING_VERSION = 1.0;
				PRODUCT_BUNDLE_IDENTIFIER = com.diki.scan.ocr.ktp.uitests;
				PRODUCT_NAME = "$(TARGET_NAME)";
				SDKROOT = auto;
				SUPPORTED_PLATFORMS = "iphoneos iphonesimulator";
				SWIFT_EMIT_LOC_STRINGS = NO;
				SWIFT_VERSION = 5.0;
				TARGETED_DEVICE_FAMILY = "1,2,7";
				TEST_TARGET_NAME = "Scan OCR KTP";
				XROS_DEPLOYMENT_TARGET = 2.5;
			};
			name = Release;
		};
/* End XCBuildConfiguration section */

/* Begin XCConfigurationList section */
		849C77752E8A24CD00CE1F48 /* Build configuration list for PBXProject "Scan OCR KTP" */ = {
			isa = XCConfigurationList;
			buildConfigurations = (
				849C779A2E8A24CF00CE1F48 /* Debug */,
				849C779B2E8A24CF00CE1F48 /* Release */,
			);
			defaultConfigurationIsVisible = 0;
			defaultConfigurationName = Release;
		};
		849C779C2E8A24CF00CE1F48 /* Build configuration list for PBXNativeTarget "Scan OCR KTP" */ = {
			isa = XCConfigurationList;
			buildConfigurations = (
				849C779D2E8A24CF00CE1F48 /* Debug */,
				849C779E2E8A24CF00CE1F48 /* Release */,
			);
			defaultConfigurationIsVisible = 0;
			defaultConfigurationName = Release;
		};
		849C779F2E8A24CF00CE1F48 /* Build configuration list for PBXNativeTarget "Scan OCR KTPTests" */ = {
			isa = XCConfigurationList;
			buildConfigurations = (
				849C77A02E8A24CF00CE1F48 /* Debug */,
				849C77A12E8A24CF00CE1F48 /* Release */,
			);
			defaultConfigurationIsVisible = 0;
			defaultConfigurationName = Release;
		};
		849C77A22E8A24CF00CE1F48 /* Build configuration list for PBXNativeTarget "Scan OCR KTPUITests" */ = {
			isa = XCConfigurationList;
			buildConfigurations = (
				849C77A32E8A24CF00CE1F48 /* Debug */,
				849C77A42E8A24CF00CE1F48 /* Release */,
			);
			defaultConfigurationIsVisible = 0;
			defaultConfigurationName = Release;
		};
/* End XCConfigurationList section */
	};
	rootObject = 849C77722E8A24CD00CE1F48 /* Project object */;
}
